// !$*UTF8*$!
{
	archiveVersion = 1;
	classes = {
	};
	objectVersion = 77;
	objects = {

/* Begin PBXBuildFile section */
		1305B1FC2F7081CE009A2D6C /* MessageRole.swift in Sources */ = {isa = PBXBuildFile; fileRef = 1305B1FB2F7081CE009A2D6C /* MessageRole.swift */; };
		1305B1FF2F7085CF009A2D6C /* OllamaAgent.swift in Sources */ = {isa = PBXBuildFile; fileRef = 1305B1FE2F7085CF009A2D6C /* OllamaAgent.swift */; };
		1305B2012F70885F009A2D6C /* Message.swift in Sources */ = {isa = PBXBuildFile; fileRef = 1305B2002F70885F009A2D6C /* Message.swift */; };
		1305B2032F709919009A2D6C /* OllamaChunk.swift in Sources */ = {isa = PBXBuildFile; fileRef = 1305B2022F709919009A2D6C /* OllamaChunk.swift */; };
		1305B2052F71A2A6009A2D6C /* OllamaModel.swift in Sources */ = {isa = PBXBuildFile; fileRef = 1305B2042F71A2A6009A2D6C /* OllamaModel.swift */; };
		1305B2082F71B0A8009A2D6C /* Notification+ext.swift in Sources */ = {isa = PBXBuildFile; fileRef = 1305B2072F71B0A8009A2D6C /* Notification+ext.swift */; };
		1305B2112F71B707009A2D6C /* OllamaPreset.swift in Sources */ = {isa = PBXBuildFile; fileRef = 1305B2102F71B707009A2D6C /* OllamaPreset.swift */; };
		1305B2132F71C6B0009A2D6C /* OpenRouterStreamer.swift in Sources */ = {isa = PBXBuildFile; fileRef = 1305B2122F71C6B0009A2D6C /* OpenRouterStreamer.swift */; };
		1305B2152F71C775009A2D6C /* OpenRouterAgent.swift in Sources */ = {isa = PBXBuildFile; fileRef = 1305B2142F71C775009A2D6C /* OpenRouterAgent.swift */; };
		1305B2172F7309F6009A2D6C /* OptionsBuilder.swift in Sources */ = {isa = PBXBuildFile; fileRef = 1305B2162F7309F6009A2D6C /* OptionsBuilder.swift */; };
		1305B2192F730A2B009A2D6C /* LLMOptions.swift in Sources */ = {isa = PBXBuildFile; fileRef = 1305B2182F730A2B009A2D6C /* LLMOptions.swift */; };
		1305B21B2F730BE0009A2D6C /* LLMProvider.swift in Sources */ = {isa = PBXBuildFile; fileRef = 1305B21A2F730BE0009A2D6C /* LLMProvider.swift */; };
		1305B21E2F731607009A2D6C /* HiddenModifier.swift in Sources */ = {isa = PBXBuildFile; fileRef = 1305B21D2F731607009A2D6C /* HiddenModifier.swift */; };
		1305B22E2F75AEF0009A2D6C /* MessageRepository.swift in Sources */ = {isa = PBXBuildFile; fileRef = 1305B22D2F75AEF0009A2D6C /* MessageRepository.swift */; };
		1305B2302F75AEFB009A2D6C /* MessageRepositoryProtocol.swift in Sources */ = {isa = PBXBuildFile; fileRef = 1305B22F2F75AEFB009A2D6C /* MessageRepositoryProtocol.swift */; };
		1305B23A2F75B405009A2D6C /* GRDB in Frameworks */ = {isa = PBXBuildFile; productRef = 1305B2392F75B405009A2D6C /* GRDB */; };
		1305B23E2F75B58A009A2D6C /* SQLiteDB.swift in Sources */ = {isa = PBXBuildFile; fileRef = 1305B23D2F75B58A009A2D6C /* SQLiteDB.swift */; };
		133DA6F22F682BFA00F8AE82 /* AIChallengeApp.swift in Sources */ = {isa = PBXBuildFile; fileRef = 133DA6F12F682BFA00F8AE82 /* AIChallengeApp.swift */; };
		133DA6F62F682BFE00F8AE82 /* Assets.xcassets in Resources */ = {isa = PBXBuildFile; fileRef = 133DA6F52F682BFE00F8AE82 /* Assets.xcassets */; };
		133DA71A2F682C6300F8AE82 /* Constants.swift in Sources */ = {isa = PBXBuildFile; fileRef = 133DA7192F682C6300F8AE82 /* Constants.swift */; };
		133DA7232F684C7600F8AE82 /* OllamaStreamer.swift in Sources */ = {isa = PBXBuildFile; fileRef = 133DA7222F684C7600F8AE82 /* OllamaStreamer.swift */; };
		133DA7282F684D1A00F8AE82 /* LLMAgentProtocol.swift in Sources */ = {isa = PBXBuildFile; fileRef = 133DA7272F684D1A00F8AE82 /* LLMAgentProtocol.swift */; };
		133DA72B2F684F5F00F8AE82 /* LLMURL.swift in Sources */ = {isa = PBXBuildFile; fileRef = 133DA72A2F684F5F00F8AE82 /* LLMURL.swift */; };
		13BD3A342F7E46E40059C0A5 /* ContextStrategy.swift in Sources */ = {isa = PBXBuildFile; fileRef = 13BD3A332F7E46E40059C0A5 /* ContextStrategy.swift */; };
		13BD3A362F7E47850059C0A5 /* ContextStrategyProtocol.swift in Sources */ = {isa = PBXBuildFile; fileRef = 13BD3A352F7E47850059C0A5 /* ContextStrategyProtocol.swift */; };
		13BD3A392F7E47B90059C0A5 /* SlidingWindowStrategy.swift in Sources */ = {isa = PBXBuildFile; fileRef = 13BD3A382F7E47B90059C0A5 /* SlidingWindowStrategy.swift */; };
		13BD3A3B2F7E47CA0059C0A5 /* FactsStrategy.swift in Sources */ = {isa = PBXBuildFile; fileRef = 13BD3A3A2F7E47CA0059C0A5 /* FactsStrategy.swift */; };
		13BD3A3D2F7E47F20059C0A5 /* BranchingStrategy.swift in Sources */ = {isa = PBXBuildFile; fileRef = 13BD3A3C2F7E47F20059C0A5 /* BranchingStrategy.swift */; };
		13BD3A402F7EE55F0059C0A5 /* WorkingMemoryRepositoryProtocol.swift in Sources */ = {isa = PBXBuildFile; fileRef = 13BD3A3F2F7EE55F0059C0A5 /* WorkingMemoryRepositoryProtocol.swift */; };
		13BD3A422F7EE5750059C0A5 /* WorkingMemoryRepository.swift in Sources */ = {isa = PBXBuildFile; fileRef = 13BD3A412F7EE5750059C0A5 /* WorkingMemoryRepository.swift */; };
		13BD3A452F7EE5CD0059C0A5 /* LongTermMemoryRepositoryProtocol.swift in Sources */ = {isa = PBXBuildFile; fileRef = 13BD3A442F7EE5CD0059C0A5 /* LongTermMemoryRepositoryProtocol.swift */; };
		13BD3A472F7EE5F90059C0A5 /* LongTermMemoryRepository.swift in Sources */ = {isa = PBXBuildFile; fileRef = 13BD3A462F7EE5F90059C0A5 /* LongTermMemoryRepository.swift */; };
		13BD3A4A2F7EE6810059C0A5 /* MemoryService.swift in Sources */ = {isa = PBXBuildFile; fileRef = 13BD3A492F7EE6810059C0A5 /* MemoryService.swift */; };
		13BD3A4C2F7EE6F40059C0A5 /* WorkingMemoryItem.swift in Sources */ = {isa = PBXBuildFile; fileRef = 13BD3A4B2F7EE6F40059C0A5 /* WorkingMemoryItem.swift */; };
		13BD3A4E2F7EE7070059C0A5 /* LongTermMemoryItem.swift in Sources */ = {isa = PBXBuildFile; fileRef = 13BD3A4D2F7EE7070059C0A5 /* LongTermMemoryItem.swift */; };
		13BD3A502F7EE7AC0059C0A5 /* MemoryServiceProtocol.swift in Sources */ = {isa = PBXBuildFile; fileRef = 13BD3A4F2F7EE7AC0059C0A5 /* MemoryServiceProtocol.swift */; };
		13BD3A522F7EFFFB0059C0A5 /* UserProfile.swift in Sources */ = {isa = PBXBuildFile; fileRef = 13BD3A512F7EFFFB0059C0A5 /* UserProfile.swift */; };
		13BD3A552F7F00730059C0A5 /* UserProfileRepositoryProtocol.swift in Sources */ = {isa = PBXBuildFile; fileRef = 13BD3A542F7F00730059C0A5 /* UserProfileRepositoryProtocol.swift */; };
		13BD3A572F7F00840059C0A5 /* UserProfileRepository.swift in Sources */ = {isa = PBXBuildFile; fileRef = 13BD3A562F7F00840059C0A5 /* UserProfileRepository.swift */; };
		13BD3A5A2F7F01110059C0A5 /* UserProfileServiceProtocol.swift in Sources */ = {isa = PBXBuildFile; fileRef = 13BD3A592F7F01110059C0A5 /* UserProfileServiceProtocol.swift */; };
		13BD3A5C2F7F01190059C0A5 /* UserProfileService.swift in Sources */ = {isa = PBXBuildFile; fileRef = 13BD3A5B2F7F01190059C0A5 /* UserProfileService.swift */; };
/* End PBXBuildFile section */

/* Begin PBXContainerItemProxy section */
		133DA6FC2F682BFE00F8AE82 /* PBXContainerItemProxy */ = {
			isa = PBXContainerItemProxy;
			containerPortal = 133DA6E62F682BFA00F8AE82 /* Project object */;
			proxyType = 1;
			remoteGlobalIDString = 133DA6ED2F682BFA00F8AE82;
			remoteInfo = AIChallenge;
		};
		133DA7062F682BFE00F8AE82 /* PBXContainerItemProxy */ = {
			isa = PBXContainerItemProxy;
			containerPortal = 133DA6E62F682BFA00F8AE82 /* Project object */;
			proxyType = 1;
			remoteGlobalIDString = 133DA6ED2F682BFA00F8AE82;
			remoteInfo = AIChallenge;
		};
/* End PBXContainerItemProxy section */

/* Begin PBXFileReference section */
		1305B1FB2F7081CE009A2D6C /* MessageRole.swift */ = {isa = PBXFileReference; lastKnownFileType = sourcecode.swift; path = MessageRole.swift; sourceTree = "<group>"; };
		1305B1FE2F7085CF009A2D6C /* OllamaAgent.swift */ = {isa = PBXFileReference; lastKnownFileType = sourcecode.swift; path = OllamaAgent.swift; sourceTree = "<group>"; };
		1305B2002F70885F009A2D6C /* Message.swift */ = {isa = PBXFileReference; lastKnownFileType = sourcecode.swift; path = Message.swift; sourceTree = "<group>"; };
		1305B2022F709919009A2D6C /* OllamaChunk.swift */ = {isa = PBXFileReference; lastKnownFileType = sourcecode.swift; path = OllamaChunk.swift; sourceTree = "<group>"; };
		1305B2042F71A2A6009A2D6C /* OllamaModel.swift */ = {isa = PBXFileReference; lastKnownFileType = sourcecode.swift; path = OllamaModel.swift; sourceTree = "<group>"; };
		1305B2072F71B0A8009A2D6C /* Notification+ext.swift */ = {isa = PBXFileReference; lastKnownFileType = sourcecode.swift; path = "Notification+ext.swift"; sourceTree = "<group>"; };
		1305B2102F71B707009A2D6C /* OllamaPreset.swift */ = {isa = PBXFileReference; lastKnownFileType = sourcecode.swift; path = OllamaPreset.swift; sourceTree = "<group>"; };
		1305B2122F71C6B0009A2D6C /* OpenRouterStreamer.swift */ = {isa = PBXFileReference; lastKnownFileType = sourcecode.swift; path = OpenRouterStreamer.swift; sourceTree = "<group>"; };
		1305B2142F71C775009A2D6C /* OpenRouterAgent.swift */ = {isa = PBXFileReference; lastKnownFileType = sourcecode.swift; path = OpenRouterAgent.swift; sourceTree = "<group>"; };
		1305B2162F7309F6009A2D6C /* OptionsBuilder.swift */ = {isa = PBXFileReference; lastKnownFileType = sourcecode.swift; path = OptionsBuilder.swift; sourceTree = "<group>"; };
		1305B2182F730A2B009A2D6C /* LLMOptions.swift */ = {isa = PBXFileReference; lastKnownFileType = sourcecode.swift; path = LLMOptions.swift; sourceTree = "<group>"; };
		1305B21A2F730BE0009A2D6C /* LLMProvider.swift */ = {isa = PBXFileReference; lastKnownFileType = sourcecode.swift; path = LLMProvider.swift; sourceTree = "<group>"; };
		1305B21D2F731607009A2D6C /* HiddenModifier.swift */ = {isa = PBXFileReference; lastKnownFileType = sourcecode.swift; path = HiddenModifier.swift; sourceTree = "<group>"; };
		1305B22D2F75AEF0009A2D6C /* MessageRepository.swift */ = {isa = PBXFileReference; lastKnownFileType = sourcecode.swift; path = MessageRepository.swift; sourceTree = "<group>"; };
		1305B22F2F75AEFB009A2D6C /* MessageRepositoryProtocol.swift */ = {isa = PBXFileReference; lastKnownFileType = sourcecode.swift; path = MessageRepositoryProtocol.swift; sourceTree = "<group>"; };
		1305B23D2F75B58A009A2D6C /* SQLiteDB.swift */ = {isa = PBXFileReference; lastKnownFileType = sourcecode.swift; path = SQLiteDB.swift; sourceTree = "<group>"; };
		133DA6EE2F682BFA00F8AE82 /* AIChallenge.app */ = {isa = PBXFileReference; explicitFileType = wrapper.application; includeInIndex = 0; path = AIChallenge.app; sourceTree = BUILT_PRODUCTS_DIR; };
		133DA6F12F682BFA00F8AE82 /* AIChallengeApp.swift */ = {isa = PBXFileReference; lastKnownFileType = sourcecode.swift; path = AIChallengeApp.swift; sourceTree = "<group>"; };
		133DA6F52F682BFE00F8AE82 /* Assets.xcassets */ = {isa = PBXFileReference; lastKnownFileType = folder.assetcatalog; path = Assets.xcassets; sourceTree = "<group>"; };
		133DA6FB2F682BFE00F8AE82 /* AIChallengeTests.xctest */ = {isa = PBXFileReference; explicitFileType = wrapper.cfbundle; includeInIndex = 0; path = AIChallengeTests.xctest; sourceTree = BUILT_PRODUCTS_DIR; };
		133DA7052F682BFE00F8AE82 /* AIChallengeUITests.xctest */ = {isa = PBXFileReference; explicitFileType = wrapper.cfbundle; includeInIndex = 0; path = AIChallengeUITests.xctest; sourceTree = BUILT_PRODUCTS_DIR; };
		133DA7192F682C6300F8AE82 /* Constants.swift */ = {isa = PBXFileReference; lastKnownFileType = sourcecode.swift; path = Constants.swift; sourceTree = "<group>"; };
		133DA7222F684C7600F8AE82 /* OllamaStreamer.swift */ = {isa = PBXFileReference; lastKnownFileType = sourcecode.swift; path = OllamaStreamer.swift; sourceTree = "<group>"; };
		133DA7272F684D1A00F8AE82 /* LLMAgentProtocol.swift */ = {isa = PBXFileReference; lastKnownFileType = sourcecode.swift; path = LLMAgentProtocol.swift; sourceTree = "<group>"; };
		133DA72A2F684F5F00F8AE82 /* LLMURL.swift */ = {isa = PBXFileReference; lastKnownFileType = sourcecode.swift; path = LLMURL.swift; sourceTree = "<group>"; };
		13BD3A332F7E46E40059C0A5 /* ContextStrategy.swift */ = {isa = PBXFileReference; lastKnownFileType = sourcecode.swift; path = ContextStrategy.swift; sourceTree = "<group>"; };
		13BD3A352F7E47850059C0A5 /* ContextStrategyProtocol.swift */ = {isa = PBXFileReference; lastKnownFileType = sourcecode.swift; path = ContextStrategyProtocol.swift; sourceTree = "<group>"; };
		13BD3A382F7E47B90059C0A5 /* SlidingWindowStrategy.swift */ = {isa = PBXFileReference; lastKnownFileType = sourcecode.swift; path = SlidingWindowStrategy.swift; sourceTree = "<group>"; };
		13BD3A3A2F7E47CA0059C0A5 /* FactsStrategy.swift */ = {isa = PBXFileReference; lastKnownFileType = sourcecode.swift; path = FactsStrategy.swift; sourceTree = "<group>"; };
		13BD3A3C2F7E47F20059C0A5 /* BranchingStrategy.swift */ = {isa = PBXFileReference; lastKnownFileType = sourcecode.swift; path = BranchingStrategy.swift; sourceTree = "<group>"; };
		13BD3A3F2F7EE55F0059C0A5 /* WorkingMemoryRepositoryProtocol.swift */ = {isa = PBXFileReference; lastKnownFileType = sourcecode.swift; path = WorkingMemoryRepositoryProtocol.swift; sourceTree = "<group>"; };
		13BD3A412F7EE5750059C0A5 /* WorkingMemoryRepository.swift */ = {isa = PBXFileReference; lastKnownFileType = sourcecode.swift; path = WorkingMemoryRepository.swift; sourceTree = "<group>"; };
		13BD3A442F7EE5CD0059C0A5 /* LongTermMemoryRepositoryProtocol.swift */ = {isa = PBXFileReference; lastKnownFileType = sourcecode.swift; path = LongTermMemoryRepositoryProtocol.swift; sourceTree = "<group>"; };
		13BD3A462F7EE5F90059C0A5 /* LongTermMemoryRepository.swift */ = {isa = PBXFileReference; lastKnownFileType = sourcecode.swift; path = LongTermMemoryRepository.swift; sourceTree = "<group>"; };
		13BD3A492F7EE6810059C0A5 /* MemoryService.swift */ = {isa = PBXFileReference; lastKnownFileType = sourcecode.swift; path = MemoryService.swift; sourceTree = "<group>"; };
		13BD3A4B2F7EE6F40059C0A5 /* WorkingMemoryItem.swift */ = {isa = PBXFileReference; lastKnownFileType = sourcecode.swift; path = WorkingMemoryItem.swift; sourceTree = "<group>"; };
		13BD3A4D2F7EE7070059C0A5 /* LongTermMemoryItem.swift */ = {isa = PBXFileReference; lastKnownFileType = sourcecode.swift; path = LongTermMemoryItem.swift; sourceTree = "<group>"; };
		13BD3A4F2F7EE7AC0059C0A5 /* MemoryServiceProtocol.swift */ = {isa = PBXFileReference; lastKnownFileType = sourcecode.swift; path = MemoryServiceProtocol.swift; sourceTree = "<group>"; };
		13BD3A512F7EFFFB0059C0A5 /* UserProfile.swift */ = {isa = PBXFileReference; lastKnownFileType = sourcecode.swift; path = UserProfile.swift; sourceTree = "<group>"; };
		13BD3A542F7F00730059C0A5 /* UserProfileRepositoryProtocol.swift */ = {isa = PBXFileReference; lastKnownFileType = sourcecode.swift; path = UserProfileRepositoryProtocol.swift; sourceTree = "<group>"; };
		13BD3A562F7F00840059C0A5 /* UserProfileRepository.swift */ = {isa = PBXFileReference; lastKnownFileType = sourcecode.swift; path = UserProfileRepository.swift; sourceTree = "<group>"; };
		13BD3A592F7F01110059C0A5 /* UserProfileServiceProtocol.swift */ = {isa = PBXFileReference; lastKnownFileType = sourcecode.swift; path = UserProfileServiceProtocol.swift; sourceTree = "<group>"; };
		13BD3A5B2F7F01190059C0A5 /* UserProfileService.swift */ = {isa = PBXFileReference; lastKnownFileType = sourcecode.swift; path = UserProfileService.swift; sourceTree = "<group>"; };
/* End PBXFileReference section */

/* Begin PBXFileSystemSynchronizedRootGroup section */
		133DA6F02F682BFA00F8AE82 /* AIChallenge */ = {
			isa = PBXFileSystemSynchronizedRootGroup;
			path = AIChallenge;
			sourceTree = "<group>";
		};
		133DA6FE2F682BFE00F8AE82 /* AIChallengeTests */ = {
			isa = PBXFileSystemSynchronizedRootGroup;
			path = AIChallengeTests;
			sourceTree = "<group>";
		};
		133DA7082F682BFE00F8AE82 /* AIChallengeUITests */ = {
			isa = PBXFileSystemSynchronizedRootGroup;
			path = AIChallengeUITests;
			sourceTree = "<group>";
		};
/* End PBXFileSystemSynchronizedRootGroup section */

/* Begin PBXFrameworksBuildPhase section */
		133DA6EB2F682BFA00F8AE82 /* Frameworks */ = {
			isa = PBXFrameworksBuildPhase;
			buildActionMask = 2147483647;
			files = (
				1305B23A2F75B405009A2D6C /* GRDB in Frameworks */,
			);
			runOnlyForDeploymentPostprocessing = 0;
		};
		133DA6F82F682BFE00F8AE82 /* Frameworks */ = {
			isa = PBXFrameworksBuildPhase;
			buildActionMask = 2147483647;
			files = (
			);
			runOnlyForDeploymentPostprocessing = 0;
		};
		133DA7022F682BFE00F8AE82 /* Frameworks */ = {
			isa = PBXFrameworksBuildPhase;
			buildActionMask = 2147483647;
			files = (
			);
			runOnlyForDeploymentPostprocessing = 0;
		};
/* End PBXFrameworksBuildPhase section */

/* Begin PBXGroup section */
		1305B1FD2F7085C1009A2D6C /* agents */ = {
			isa = PBXGroup;
			children = (
				133DA7272F684D1A00F8AE82 /* LLMAgentProtocol.swift */,
				1305B1FE2F7085CF009A2D6C /* OllamaAgent.swift */,
				1305B2142F71C775009A2D6C /* OpenRouterAgent.swift */,
			);
			path = agents;
			sourceTree = "<group>";
		};
		1305B2062F71B094009A2D6C /* extensions */ = {
			isa = PBXGroup;
			children = (
				1305B2072F71B0A8009A2D6C /* Notification+ext.swift */,
			);
			path = extensions;
			sourceTree = "<group>";
		};
		1305B21C2F7315E7009A2D6C /* modifiers */ = {
			isa = PBXGroup;
			children = (
				1305B21D2F731607009A2D6C /* HiddenModifier.swift */,
			);
			path = modifiers;
			sourceTree = "<group>";
		};
		1305B22B2F75AEC7009A2D6C /* repositories */ = {
			isa = PBXGroup;
			children = (
				13BD3A532F7F00670059C0A5 /* userprofile */,
				13BD3A432F7EE5B30059C0A5 /* longtermmemory */,
				13BD3A3E2F7EE53F0059C0A5 /* workingmemory */,
				1305B22C2F75AED8009A2D6C /* message */,
			);
			path = repositories;
			sourceTree = "<group>";
		};
		1305B22C2F75AED8009A2D6C /* message */ = {
			isa = PBXGroup;
			children = (
				1305B22D2F75AEF0009A2D6C /* MessageRepository.swift */,
				1305B22F2F75AEFB009A2D6C /* MessageRepositoryProtocol.swift */,
			);
			path = message;
			sourceTree = "<group>";
		};
		1305B2312F75AFB2009A2D6C /* db */ = {
			isa = PBXGroup;
			children = (
				1305B23D2F75B58A009A2D6C /* SQLiteDB.swift */,
			);
			path = db;
			sourceTree = "<group>";
		};
		1305B2322F75AFCA009A2D6C /* services */ = {
			isa = PBXGroup;
			children = (
				13BD3A582F7F01020059C0A5 /* userprofile */,
				13BD3A482F7EE66F0059C0A5 /* memory */,
			);
			path = services;
			sourceTree = "<group>";
		};
		133DA6E52F682BFA00F8AE82 = {
			isa = PBXGroup;
			children = (
				13BD3A372F7E47A40059C0A5 /* strategy */,
				1305B2312F75AFB2009A2D6C /* db */,
				1305B22B2F75AEC7009A2D6C /* repositories */,
				1305B2322F75AFCA009A2D6C /* services */,
				1305B21C2F7315E7009A2D6C /* modifiers */,
				1305B2062F71B094009A2D6C /* extensions */,
				1305B1FD2F7085C1009A2D6C /* agents */,
				133DA7292F684F3500F8AE82 /* entities */,
				133DA71E2F682D8600F8AE82 /* app */,
				133DA71D2F682D5500F8AE82 /* resources */,
				133DA7182F682C4500F8AE82 /* lib */,
				133DA6F02F682BFA00F8AE82 /* AIChallenge */,
				133DA6FE2F682BFE00F8AE82 /* AIChallengeTests */,
				133DA7082F682BFE00F8AE82 /* AIChallengeUITests */,
				133DA6EF2F682BFA00F8AE82 /* Products */,
			);
			sourceTree = "<group>";
		};
		133DA6EF2F682BFA00F8AE82 /* Products */ = {
			isa = PBXGroup;
			children = (
				133DA6EE2F682BFA00F8AE82 /* AIChallenge.app */,
				133DA6FB2F682BFE00F8AE82 /* AIChallengeTests.xctest */,
				133DA7052F682BFE00F8AE82 /* AIChallengeUITests.xctest */,
			);
			name = Products;
			sourceTree = "<group>";
		};
		133DA7182F682C4500F8AE82 /* lib */ = {
			isa = PBXGroup;
			children = (
				133DA7192F682C6300F8AE82 /* Constants.swift */,
				133DA7222F684C7600F8AE82 /* OllamaStreamer.swift */,
				1305B2122F71C6B0009A2D6C /* OpenRouterStreamer.swift */,
				1305B2162F7309F6009A2D6C /* OptionsBuilder.swift */,
			);
			path = lib;
			sourceTree = "<group>";
		};
		133DA71D2F682D5500F8AE82 /* resources */ = {
			isa = PBXGroup;
			children = (
				133DA6F52F682BFE00F8AE82 /* Assets.xcassets */,
			);
			path = resources;
			sourceTree = "<group>";
		};
		133DA71E2F682D8600F8AE82 /* app */ = {
			isa = PBXGroup;
			children = (
				133DA6F12F682BFA00F8AE82 /* AIChallengeApp.swift */,
			);
			path = app;
			sourceTree = "<group>";
		};
		133DA7292F684F3500F8AE82 /* entities */ = {
			isa = PBXGroup;
			children = (
				133DA72A2F684F5F00F8AE82 /* LLMURL.swift */,
				1305B1FB2F7081CE009A2D6C /* MessageRole.swift */,
				1305B2002F70885F009A2D6C /* Message.swift */,
				1305B2022F709919009A2D6C /* OllamaChunk.swift */,
				1305B2042F71A2A6009A2D6C /* OllamaModel.swift */,
				1305B2102F71B707009A2D6C /* OllamaPreset.swift */,
				1305B2182F730A2B009A2D6C /* LLMOptions.swift */,
				1305B21A2F730BE0009A2D6C /* LLMProvider.swift */,
				13BD3A332F7E46E40059C0A5 /* ContextStrategy.swift */,
				13BD3A4B2F7EE6F40059C0A5 /* WorkingMemoryItem.swift */,
				13BD3A4D2F7EE7070059C0A5 /* LongTermMemoryItem.swift */,
				13BD3A512F7EFFFB0059C0A5 /* UserProfile.swift */,
			);
			path = entities;
			sourceTree = "<group>";
		};
		13BD3A372F7E47A40059C0A5 /* strategy */ = {
			isa = PBXGroup;
			children = (
				13BD3A352F7E47850059C0A5 /* ContextStrategyProtocol.swift */,
				13BD3A382F7E47B90059C0A5 /* SlidingWindowStrategy.swift */,
				13BD3A3A2F7E47CA0059C0A5 /* FactsStrategy.swift */,
				13BD3A3C2F7E47F20059C0A5 /* BranchingStrategy.swift */,
			);
			path = strategy;
			sourceTree = "<group>";
		};
		13BD3A3E2F7EE53F0059C0A5 /* workingmemory */ = {
			isa = PBXGroup;
			children = (
				13BD3A3F2F7EE55F0059C0A5 /* WorkingMemoryRepositoryProtocol.swift */,
				13BD3A412F7EE5750059C0A5 /* WorkingMemoryRepository.swift */,
			);
			path = workingmemory;
			sourceTree = "<group>";
		};
		13BD3A432F7EE5B30059C0A5 /* longtermmemory */ = {
			isa = PBXGroup;
			children = (
				13BD3A442F7EE5CD0059C0A5 /* LongTermMemoryRepositoryProtocol.swift */,
				13BD3A462F7EE5F90059C0A5 /* LongTermMemoryRepository.swift */,
			);
			path = longtermmemory;
			sourceTree = "<group>";
		};
		13BD3A482F7EE66F0059C0A5 /* memory */ = {
			isa = PBXGroup;
			children = (
				13BD3A492F7EE6810059C0A5 /* MemoryService.swift */,
				13BD3A4F2F7EE7AC0059C0A5 /* MemoryServiceProtocol.swift */,
			);
			path = memory;
			sourceTree = "<group>";
		};
		13BD3A532F7F00670059C0A5 /* userprofile */ = {
			isa = PBXGroup;
			children = (
				13BD3A542F7F00730059C0A5 /* UserProfileRepositoryProtocol.swift */,
				13BD3A562F7F00840059C0A5 /* UserProfileRepository.swift */,
			);
			path = userprofile;
			sourceTree = "<group>";
		};
		13BD3A582F7F01020059C0A5 /* userprofile */ = {
			isa = PBXGroup;
			children = (
				13BD3A592F7F01110059C0A5 /* UserProfileServiceProtocol.swift */,
				13BD3A5B2F7F01190059C0A5 /* UserProfileService.swift */,
			);
			path = userprofile;
			sourceTree = "<group>";
		};
/* End PBXGroup section */

/* Begin PBXNativeTarget section */
		133DA6ED2F682BFA00F8AE82 /* AIChallenge */ = {
			isa = PBXNativeTarget;
			buildConfigurationList = 133DA70F2F682BFE00F8AE82 /* Build configuration list for PBXNativeTarget "AIChallenge" */;
			buildPhases = (
				133DA6EA2F682BFA00F8AE82 /* Sources */,
				133DA6EB2F682BFA00F8AE82 /* Frameworks */,
				133DA6EC2F682BFA00F8AE82 /* Resources */,
			);
			buildRules = (
			);
			dependencies = (
			);
			fileSystemSynchronizedGroups = (
				133DA6F02F682BFA00F8AE82 /* AIChallenge */,
			);
			name = AIChallenge;
			packageProductDependencies = (
				1305B2392F75B405009A2D6C /* GRDB */,
			);
			productName = AIChallenge;
			productReference = 133DA6EE2F682BFA00F8AE82 /* AIChallenge.app */;
			productType = "com.apple.product-type.application";
		};
		133DA6FA2F682BFE00F8AE82 /* AIChallengeTests */ = {
			isa = PBXNativeTarget;
			buildConfigurationList = 133DA7122F682BFE00F8AE82 /* Build configuration list for PBXNativeTarget "AIChallengeTests" */;
			buildPhases = (
				133DA6F72F682BFE00F8AE82 /* Sources */,
				133DA6F82F682BFE00F8AE82 /* Frameworks */,
				133DA6F92F682BFE00F8AE82 /* Resources */,
			);
			buildRules = (
			);
			dependencies = (
				133DA6FD2F682BFE00F8AE82 /* PBXTargetDependency */,
			);
			fileSystemSynchronizedGroups = (
				133DA6FE2F682BFE00F8AE82 /* AIChallengeTests */,
			);
			name = AIChallengeTests;
			packageProductDependencies = (
			);
			productName = AIChallengeTests;
			productReference = 133DA6FB2F682BFE00F8AE82 /* AIChallengeTests.xctest */;
			productType = "com.apple.product-type.bundle.unit-test";
		};
		133DA7042F682BFE00F8AE82 /* AIChallengeUITests */ = {
			isa = PBXNativeTarget;
			buildConfigurationList = 133DA7152F682BFE00F8AE82 /* Build configuration list for PBXNativeTarget "AIChallengeUITests" */;
			buildPhases = (
				133DA7012F682BFE00F8AE82 /* Sources */,
				133DA7022F682BFE00F8AE82 /* Frameworks */,
				133DA7032F682BFE00F8AE82 /* Resources */,
			);
			buildRules = (
			);
			dependencies = (
				133DA7072F682BFE00F8AE82 /* PBXTargetDependency */,
			);
			fileSystemSynchronizedGroups = (
				133DA7082F682BFE00F8AE82 /* AIChallengeUITests */,
			);
			name = AIChallengeUITests;
			packageProductDependencies = (
			);
			productName = AIChallengeUITests;
			productReference = 133DA7052F682BFE00F8AE82 /* AIChallengeUITests.xctest */;
			productType = "com.apple.product-type.bundle.ui-testing";
		};
/* End PBXNativeTarget section */

/* Begin PBXProject section */
		133DA6E62F682BFA00F8AE82 /* Project object */ = {
			isa = PBXProject;
			attributes = {
				BuildIndependentTargetsInParallel = 1;
				LastSwiftUpdateCheck = 2630;
				LastUpgradeCheck = 2630;
				TargetAttributes = {
					133DA6ED2F682BFA00F8AE82 = {
						CreatedOnToolsVersion = 26.3;
					};
					133DA6FA2F682BFE00F8AE82 = {
						CreatedOnToolsVersion = 26.3;
						TestTargetID = 133DA6ED2F682BFA00F8AE82;
					};
					133DA7042F682BFE00F8AE82 = {
						CreatedOnToolsVersion = 26.3;
						TestTargetID = 133DA6ED2F682BFA00F8AE82;
					};
				};
			};
			buildConfigurationList = 133DA6E92F682BFA00F8AE82 /* Build configuration list for PBXProject "AIChallenge" */;
			developmentRegion = en;
			hasScannedForEncodings = 0;
			knownRegions = (
				en,
				Base,
			);
			mainGroup = 133DA6E52F682BFA00F8AE82;
			minimizedProjectReferenceProxies = 1;
			packageReferences = (
				1305B2382F75B405009A2D6C /* XCRemoteSwiftPackageReference "GRDB" */,
			);
			preferredProjectObjectVersion = 77;
			productRefGroup = 133DA6EF2F682BFA00F8AE82 /* Products */;
			projectDirPath = "";
			projectRoot = "";
			targets = (
				133DA6ED2F682BFA00F8AE82 /* AIChallenge */,
				133DA6FA2F682BFE00F8AE82 /* AIChallengeTests */,
				133DA7042F682BFE00F8AE82 /* AIChallengeUITests */,
			);
		};
/* End PBXProject section */

/* Begin PBXResourcesBuildPhase section */
		133DA6EC2F682BFA00F8AE82 /* Resources */ = {
			isa = PBXResourcesBuildPhase;
			buildActionMask = 2147483647;
			files = (
				133DA6F62F682BFE00F8AE82 /* Assets.xcassets in Resources */,
			);
			runOnlyForDeploymentPostprocessing = 0;
		};
		133DA6F92F682BFE00F8AE82 /* Resources */ = {
			isa = PBXResourcesBuildPhase;
			buildActionMask = 2147483647;
			files = (
			);
			runOnlyForDeploymentPostprocessing = 0;
		};
		133DA7032F682BFE00F8AE82 /* Resources */ = {
			isa = PBXResourcesBuildPhase;
			buildActionMask = 2147483647;
			files = (
			);
			runOnlyForDeploymentPostprocessing = 0;
		};
/* End PBXResourcesBuildPhase section */

/* Begin PBXSourcesBuildPhase section */
		133DA6EA2F682BFA00F8AE82 /* Sources */ = {
			isa = PBXSourcesBuildPhase;
			buildActionMask = 2147483647;
			files = (
				13BD3A572F7F00840059C0A5 /* UserProfileRepository.swift in Sources */,
				1305B2132F71C6B0009A2D6C /* OpenRouterStreamer.swift in Sources */,
				13BD3A392F7E47B90059C0A5 /* SlidingWindowStrategy.swift in Sources */,
				13BD3A422F7EE5750059C0A5 /* WorkingMemoryRepository.swift in Sources */,
				133DA7282F684D1A00F8AE82 /* LLMAgentProtocol.swift in Sources */,
				13BD3A452F7EE5CD0059C0A5 /* LongTermMemoryRepositoryProtocol.swift in Sources */,
				13BD3A502F7EE7AC0059C0A5 /* MemoryServiceProtocol.swift in Sources */,
				1305B1FC2F7081CE009A2D6C /* MessageRole.swift in Sources */,
				13BD3A4C2F7EE6F40059C0A5 /* WorkingMemoryItem.swift in Sources */,
				13BD3A3D2F7E47F20059C0A5 /* BranchingStrategy.swift in Sources */,
				1305B2052F71A2A6009A2D6C /* OllamaModel.swift in Sources */,
				1305B22E2F75AEF0009A2D6C /* MessageRepository.swift in Sources */,
				13BD3A362F7E47850059C0A5 /* ContextStrategyProtocol.swift in Sources */,
				13BD3A4A2F7EE6810059C0A5 /* MemoryService.swift in Sources */,
				1305B2112F71B707009A2D6C /* OllamaPreset.swift in Sources */,
				1305B2192F730A2B009A2D6C /* LLMOptions.swift in Sources */,
				13BD3A522F7EFFFB0059C0A5 /* UserProfile.swift in Sources */,
				1305B21B2F730BE0009A2D6C /* LLMProvider.swift in Sources */,
				133DA6F22F682BFA00F8AE82 /* AIChallengeApp.swift in Sources */,
				13BD3A5C2F7F01190059C0A5 /* UserProfileService.swift in Sources */,
				13BD3A342F7E46E40059C0A5 /* ContextStrategy.swift in Sources */,
				13BD3A3B2F7E47CA0059C0A5 /* FactsStrategy.swift in Sources */,
				13BD3A5A2F7F01110059C0A5 /* UserProfileServiceProtocol.swift in Sources */,
				13BD3A552F7F00730059C0A5 /* UserProfileRepositoryProtocol.swift in Sources */,
				13BD3A402F7EE55F0059C0A5 /* WorkingMemoryRepositoryProtocol.swift in Sources */,
				133DA7232F684C7600F8AE82 /* OllamaStreamer.swift in Sources */,
				1305B2012F70885F009A2D6C /* Message.swift in Sources */,
				1305B2172F7309F6009A2D6C /* OptionsBuilder.swift in Sources */,
				13BD3A472F7EE5F90059C0A5 /* LongTermMemoryRepository.swift in Sources */,
				1305B2082F71B0A8009A2D6C /* Notification+ext.swift in Sources */,
				1305B1FF2F7085CF009A2D6C /* OllamaAgent.swift in Sources */,
				133DA72B2F684F5F00F8AE82 /* LLMURL.swift in Sources */,
				133DA71A2F682C6300F8AE82 /* Constants.swift in Sources */,
				1305B2302F75AEFB009A2D6C /* MessageRepositoryProtocol.swift in Sources */,
				1305B2032F709919009A2D6C /* OllamaChunk.swift in Sources */,
				1305B23E2F75B58A009A2D6C /* SQLiteDB.swift in Sources */,
				1305B21E2F731607009A2D6C /* HiddenModifier.swift in Sources */,
				1305B2152F71C775009A2D6C /* OpenRouterAgent.swift in Sources */,
				13BD3A4E2F7EE7070059C0A5 /* LongTermMemoryItem.swift in Sources */,
			);
			runOnlyForDeploymentPostprocessing = 0;
		};
		133DA6F72F682BFE00F8AE82 /* Sources */ = {
			isa = PBXSourcesBuildPhase;
			buildActionMask = 2147483647;
			files = (
			);
			runOnlyForDeploymentPostprocessing = 0;
		};
		133DA7012F682BFE00F8AE82 /* Sources */ = {
			isa = PBXSourcesBuildPhase;
			buildActionMask = 2147483647;
			files = (
			);
			runOnlyForDeploymentPostprocessing = 0;
		};
/* End PBXSourcesBuildPhase section */

/* Begin PBXTargetDependency section */
		133DA6FD2F682BFE00F8AE82 /* PBXTargetDependency */ = {
			isa = PBXTargetDependency;
			target = 133DA6ED2F682BFA00F8AE82 /* AIChallenge */;
			targetProxy = 133DA6FC2F682BFE00F8AE82 /* PBXContainerItemProxy */;
		};
		133DA7072F682BFE00F8AE82 /* PBXTargetDependency */ = {
			isa = PBXTargetDependency;
			target = 133DA6ED2F682BFA00F8AE82 /* AIChallenge */;
			targetProxy = 133DA7062F682BFE00F8AE82 /* PBXContainerItemProxy */;
		};
/* End PBXTargetDependency section */

/* Begin XCBuildConfiguration section */
		133DA70D2F682BFE00F8AE82 /* Debug */ = {
			isa = XCBuildConfiguration;
			buildSettings = {
				ALWAYS_SEARCH_USER_PATHS = NO;
				ASSETCATALOG_COMPILER_GENERATE_SWIFT_ASSET_SYMBOL_EXTENSIONS = YES;
				CLANG_ANALYZER_NONNULL = YES;
				CLANG_ANALYZER_NUMBER_OBJECT_CONVERSION = YES_AGGRESSIVE;
				CLANG_CXX_LANGUAGE_STANDARD = "gnu++20";
				CLANG_ENABLE_MODULES = YES;
				CLANG_ENABLE_OBJC_ARC = YES;
				CLANG_ENABLE_OBJC_WEAK = YES;
				CLANG_WARN_BLOCK_CAPTURE_AUTORELEASING = YES;
				CLANG_WARN_BOOL_CONVERSION = YES;
				CLANG_WARN_COMMA = YES;
				CLANG_WARN_CONSTANT_CONVERSION = YES;
				CLANG_WARN_DEPRECATED_OBJC_IMPLEMENTATIONS = YES;
				CLANG_WARN_DIRECT_OBJC_ISA_USAGE = YES_ERROR;
				CLANG_WARN_DOCUMENTATION_COMMENTS = YES;
				CLANG_WARN_EMPTY_BODY = YES;
				CLANG_WARN_ENUM_CONVERSION = YES;
				CLANG_WARN_INFINITE_RECURSION = YES;
				CLANG_WARN_INT_CONVERSION = YES;
				CLANG_WARN_NON_LITERAL_NULL_CONVERSION = YES;
				CLANG_WARN_OBJC_IMPLICIT_RETAIN_SELF = YES;
				CLANG_WARN_OBJC_LITERAL_CONVERSION = YES;
				CLANG_WARN_OBJC_ROOT_CLASS = YES_ERROR;
				CLANG_WARN_QUOTED_INCLUDE_IN_FRAMEWORK_HEADER = YES;
				CLANG_WARN_RANGE_LOOP_ANALYSIS = YES;
				CLANG_WARN_STRICT_PROTOTYPES = YES;
				CLANG_WARN_SUSPICIOUS_MOVE = YES;
				CLANG_WARN_UNGUARDED_AVAILABILITY = YES_AGGRESSIVE;
				CLANG_WARN_UNREACHABLE_CODE = YES;
				CLANG_WARN__DUPLICATE_METHOD_MATCH = YES;
				COPY_PHASE_STRIP = NO;
				DEBUG_INFORMATION_FORMAT = dwarf;
				DEVELOPMENT_TEAM = Z8JVJD6M2F;
				ENABLE_STRICT_OBJC_MSGSEND = YES;
				ENABLE_TESTABILITY = YES;
				ENABLE_USER_SCRIPT_SANDBOXING = YES;
				GCC_C_LANGUAGE_STANDARD = gnu17;
				GCC_DYNAMIC_NO_PIC = NO;
				GCC_NO_COMMON_BLOCKS = YES;
				GCC_OPTIMIZATION_LEVEL = 0;
				GCC_PREPROCESSOR_DEFINITIONS = (
					"DEBUG=1",
					"$(inherited)",
				);
				GCC_WARN_64_TO_32_BIT_CONVERSION = YES;
				GCC_WARN_ABOUT_RETURN_TYPE = YES_ERROR;
				GCC_WARN_UNDECLARED_SELECTOR = YES;
				GCC_WARN_UNINITIALIZED_AUTOS = YES_AGGRESSIVE;
				GCC_WARN_UNUSED_FUNCTION = YES;
				GCC_WARN_UNUSED_VARIABLE = YES;
				IPHONEOS_DEPLOYMENT_TARGET = 26.2;
				LOCALIZATION_PREFERS_STRING_CATALOGS = YES;
				MTL_ENABLE_DEBUG_INFO = INCLUDE_SOURCE;
				MTL_FAST_MATH = YES;
				ONLY_ACTIVE_ARCH = YES;
				SDKROOT = iphoneos;
				SWIFT_ACTIVE_COMPILATION_CONDITIONS = "DEBUG $(inherited)";
				SWIFT_OPTIMIZATION_LEVEL = "-Onone";
			};
			name = Debug;
		};
		133DA70E2F682BFE00F8AE82 /* Release */ = {
			isa = XCBuildConfiguration;
			buildSettings = {
				ALWAYS_SEARCH_USER_PATHS = NO;
				ASSETCATALOG_COMPILER_GENERATE_SWIFT_ASSET_SYMBOL_EXTENSIONS = YES;
				CLANG_ANALYZER_NONNULL = YES;
				CLANG_ANALYZER_NUMBER_OBJECT_CONVERSION = YES_AGGRESSIVE;
				CLANG_CXX_LANGUAGE_STANDARD = "gnu++20";
				CLANG_ENABLE_MODULES = YES;
				CLANG_ENABLE_OBJC_ARC = YES;
				CLANG_ENABLE_OBJC_WEAK = YES;
				CLANG_WARN_BLOCK_CAPTURE_AUTORELEASING = YES;
				CLANG_WARN_BOOL_CONVERSION = YES;
				CLANG_WARN_COMMA = YES;
				CLANG_WARN_CONSTANT_CONVERSION = YES;
				CLANG_WARN_DEPRECATED_OBJC_IMPLEMENTATIONS = YES;
				CLANG_WARN_DIRECT_OBJC_ISA_USAGE = YES_ERROR;
				CLANG_WARN_DOCUMENTATION_COMMENTS = YES;
				CLANG_WARN_EMPTY_BODY = YES;
				CLANG_WARN_ENUM_CONVERSION = YES;
				CLANG_WARN_INFINITE_RECURSION = YES;
				CLANG_WARN_INT_CONVERSION = YES;
				CLANG_WARN_NON_LITERAL_NULL_CONVERSION = YES;
				CLANG_WARN_OBJC_IMPLICIT_RETAIN_SELF = YES;
				CLANG_WARN_OBJC_LITERAL_CONVERSION = YES;
				CLANG_WARN_OBJC_ROOT_CLASS = YES_ERROR;
				CLANG_WARN_QUOTED_INCLUDE_IN_FRAMEWORK_HEADER = YES;
				CLANG_WARN_RANGE_LOOP_ANALYSIS = YES;
				CLANG_WARN_STRICT_PROTOTYPES = YES;
				CLANG_WARN_SUSPICIOUS_MOVE = YES;
				CLANG_WARN_UNGUARDED_AVAILABILITY = YES_AGGRESSIVE;
				CLANG_WARN_UNREACHABLE_CODE = YES;
				CLANG_WARN__DUPLICATE_METHOD_MATCH = YES;
				COPY_PHASE_STRIP = NO;
				DEBUG_INFORMATION_FORMAT = "dwarf-with-dsym";
				DEVELOPMENT_TEAM = Z8JVJD6M2F;
				ENABLE_NS_ASSERTIONS = NO;
				ENABLE_STRICT_OBJC_MSGSEND = YES;
				ENABLE_USER_SCRIPT_SANDBOXING = YES;
				GCC_C_LANGUAGE_STANDARD = gnu17;
				GCC_NO_COMMON_BLOCKS = YES;
				GCC_WARN_64_TO_32_BIT_CONVERSION = YES;
				GCC_WARN_ABOUT_RETURN_TYPE = YES_ERROR;
				GCC_WARN_UNDECLARED_SELECTOR = YES;
				GCC_WARN_UNINITIALIZED_AUTOS = YES_AGGRESSIVE;
				GCC_WARN_UNUSED_FUNCTION = YES;
				GCC_WARN_UNUSED_VARIABLE = YES;
				IPHONEOS_DEPLOYMENT_TARGET = 26.2;
				LOCALIZATION_PREFERS_STRING_CATALOGS = YES;
				MTL_ENABLE_DEBUG_INFO = NO;
				MTL_FAST_MATH = YES;
				SDKROOT = iphoneos;
				SWIFT_COMPILATION_MODE = wholemodule;
				VALIDATE_PRODUCT = YES;
			};
			name = Release;
		};
		133DA7102F682BFE00F8AE82 /* Debug */ = {
			isa = XCBuildConfiguration;
			buildSettings = {
				ASSETCATALOG_COMPILER_APPICON_NAME = AppIcon;
				ASSETCATALOG_COMPILER_GLOBAL_ACCENT_COLOR_NAME = AccentColor;
				CODE_SIGN_STYLE = Automatic;
				CURRENT_PROJECT_VERSION = 1;
				DEVELOPMENT_TEAM = Z8JVJD6M2F;
				ENABLE_PREVIEWS = YES;
				GENERATE_INFOPLIST_FILE = YES;
				INFOPLIST_KEY_UIApplicationSceneManifest_Generation = YES;
				INFOPLIST_KEY_UIApplicationSupportsIndirectInputEvents = YES;
				INFOPLIST_KEY_UILaunchScreen_Generation = YES;
				INFOPLIST_KEY_UISupportedInterfaceOrientations_iPad = "UIInterfaceOrientationPortrait UIInterfaceOrientationPortraitUpsideDown UIInterfaceOrientationLandscapeLeft UIInterfaceOrientationLandscapeRight";
				INFOPLIST_KEY_UISupportedInterfaceOrientations_iPhone = "UIInterfaceOrientationPortrait UIInterfaceOrientationLandscapeLeft UIInterfaceOrientationLandscapeRight";
				LD_RUNPATH_SEARCH_PATHS = (
					"$(inherited)",
					"@executable_path/Frameworks",
				);
				MARKETING_VERSION = 1.0;
				PRODUCT_BUNDLE_IDENTIFIER = com.lammax.projects.ios.aichallenge.AIChallenge;
				PRODUCT_NAME = "$(TARGET_NAME)";
				STRING_CATALOG_GENERATE_SYMBOLS = YES;
				SWIFT_APPROACHABLE_CONCURRENCY = YES;
				SWIFT_DEFAULT_ACTOR_ISOLATION = nonisolated;
				SWIFT_EMIT_LOC_STRINGS = YES;
				SWIFT_UPCOMING_FEATURE_MEMBER_IMPORT_VISIBILITY = YES;
				SWIFT_VERSION = 5.0;
				TARGETED_DEVICE_FAMILY = "1,2";
			};
			name = Debug;
		};
		133DA7112F682BFE00F8AE82 /* Release */ = {
			isa = XCBuildConfiguration;
			buildSettings = {
				ASSETCATALOG_COMPILER_APPICON_NAME = AppIcon;
				ASSETCATALOG_COMPILER_GLOBAL_ACCENT_COLOR_NAME = AccentColor;
				CODE_SIGN_STYLE = Automatic;
				CURRENT_PROJECT_VERSION = 1;
				DEVELOPMENT_TEAM = Z8JVJD6M2F;
				ENABLE_PREVIEWS = YES;
				GENERATE_INFOPLIST_FILE = YES;
				INFOPLIST_KEY_UIApplicationSceneManifest_Generation = YES;
				INFOPLIST_KEY_UIApplicationSupportsIndirectInputEvents = YES;
				INFOPLIST_KEY_UILaunchScreen_Generation = YES;
				INFOPLIST_KEY_UISupportedInterfaceOrientations_iPad = "UIInterfaceOrientationPortrait UIInterfaceOrientationPortraitUpsideDown UIInterfaceOrientationLandscapeLeft UIInterfaceOrientationLandscapeRight";
				INFOPLIST_KEY_UISupportedInterfaceOrientations_iPhone = "UIInterfaceOrientationPortrait UIInterfaceOrientationLandscapeLeft UIInterfaceOrientationLandscapeRight";
				LD_RUNPATH_SEARCH_PATHS = (
					"$(inherited)",
					"@executable_path/Frameworks",
				);
				MARKETING_VERSION = 1.0;
				PRODUCT_BUNDLE_IDENTIFIER = com.lammax.projects.ios.aichallenge.AIChallenge;
				PRODUCT_NAME = "$(TARGET_NAME)";
				STRING_CATALOG_GENERATE_SYMBOLS = YES;
				SWIFT_APPROACHABLE_CONCURRENCY = YES;
				SWIFT_DEFAULT_ACTOR_ISOLATION = nonisolated;
				SWIFT_EMIT_LOC_STRINGS = YES;
				SWIFT_UPCOMING_FEATURE_MEMBER_IMPORT_VISIBILITY = YES;
				SWIFT_VERSION = 5.0;
				TARGETED_DEVICE_FAMILY = "1,2";
			};
			name = Release;
		};
		133DA7132F682BFE00F8AE82 /* Debug */ = {
			isa = XCBuildConfiguration;
			buildSettings = {
				BUNDLE_LOADER = "$(TEST_HOST)";
				CODE_SIGN_STYLE = Automatic;
				CURRENT_PROJECT_VERSION = 1;
				DEVELOPMENT_TEAM = Z8JVJD6M2F;
				GENERATE_INFOPLIST_FILE = YES;
				IPHONEOS_DEPLOYMENT_TARGET = 26.2;
				MARKETING_VERSION = 1.0;
				PRODUCT_BUNDLE_IDENTIFIER = com.lammax.projects.ios.aichallenge.AIChallengeTests;
				PRODUCT_NAME = "$(TARGET_NAME)";
				STRING_CATALOG_GENERATE_SYMBOLS = NO;
				SWIFT_APPROACHABLE_CONCURRENCY = YES;
				SWIFT_EMIT_LOC_STRINGS = NO;
				SWIFT_UPCOMING_FEATURE_MEMBER_IMPORT_VISIBILITY = YES;
				SWIFT_VERSION = 5.0;
				TARGETED_DEVICE_FAMILY = "1,2";
				TEST_HOST = "$(BUILT_PRODUCTS_DIR)/AIChallenge.app/$(BUNDLE_EXECUTABLE_FOLDER_PATH)/AIChallenge";
			};
			name = Debug;
		};
		133DA7142F682BFE00F8AE82 /* Release */ = {
			isa = XCBuildConfiguration;
			buildSettings = {
				BUNDLE_LOADER = "$(TEST_HOST)";
				CODE_SIGN_STYLE = Automatic;
				CURRENT_PROJECT_VERSION = 1;
				DEVELOPMENT_TEAM = Z8JVJD6M2F;
				GENERATE_INFOPLIST_FILE = YES;
				IPHONEOS_DEPLOYMENT_TARGET = 26.2;
				MARKETING_VERSION = 1.0;
				PRODUCT_BUNDLE_IDENTIFIER = com.lammax.projects.ios.aichallenge.AIChallengeTests;
				PRODUCT_NAME = "$(TARGET_NAME)";
				STRING_CATALOG_GENERATE_SYMBOLS = NO;
				SWIFT_APPROACHABLE_CONCURRENCY = YES;
				SWIFT_EMIT_LOC_STRINGS = NO;
				SWIFT_UPCOMING_FEATURE_MEMBER_IMPORT_VISIBILITY = YES;
				SWIFT_VERSION = 5.0;
				TARGETED_DEVICE_FAMILY = "1,2";
				TEST_HOST = "$(BUILT_PRODUCTS_DIR)/AIChallenge.app/$(BUNDLE_EXECUTABLE_FOLDER_PATH)/AIChallenge";
			};
			name = Release;
		};
		133DA7162F682BFE00F8AE82 /* Debug */ = {
			isa = XCBuildConfiguration;
			buildSettings = {
				CODE_SIGN_STYLE = Automatic;
				CURRENT_PROJECT_VERSION = 1;
				DEVELOPMENT_TEAM = Z8JVJD6M2F;
				GENERATE_INFOPLIST_FILE = YES;
				MARKETING_VERSION = 1.0;
				PRODUCT_BUNDLE_IDENTIFIER = com.lammax.projects.ios.aichallenge.AIChallengeUITests;
				PRODUCT_NAME = "$(TARGET_NAME)";
				STRING_CATALOG_GENERATE_SYMBOLS = NO;
				SWIFT_APPROACHABLE_CONCURRENCY = YES;
				SWIFT_EMIT_LOC_STRINGS = NO;
				SWIFT_UPCOMING_FEATURE_MEMBER_IMPORT_VISIBILITY = YES;
				SWIFT_VERSION = 5.0;
				TARGETED_DEVICE_FAMILY = "1,2";
				TEST_TARGET_NAME = AIChallenge;
			};
			name = Debug;
		};
		133DA7172F682BFE00F8AE82 /* Release */ = {
			isa = XCBuildConfiguration;
			buildSettings = {
				CODE_SIGN_STYLE = Automatic;
				CURRENT_PROJECT_VERSION = 1;
				DEVELOPMENT_TEAM = Z8JVJD6M2F;
				GENERATE_INFOPLIST_FILE = YES;
				MARKETING_VERSION = 1.0;
				PRODUCT_BUNDLE_IDENTIFIER = com.lammax.projects.ios.aichallenge.AIChallengeUITests;
				PRODUCT_NAME = "$(TARGET_NAME)";
				STRING_CATALOG_GENERATE_SYMBOLS = NO;
				SWIFT_APPROACHABLE_CONCURRENCY = YES;
				SWIFT_EMIT_LOC_STRINGS = NO;
				SWIFT_UPCOMING_FEATURE_MEMBER_IMPORT_VISIBILITY = YES;
				SWIFT_VERSION = 5.0;
				TARGETED_DEVICE_FAMILY = "1,2";
				TEST_TARGET_NAME = AIChallenge;
			};
			name = Release;
		};
/* End XCBuildConfiguration section */

/* Begin XCConfigurationList section */
		133DA6E92F682BFA00F8AE82 /* Build configuration list for PBXProject "AIChallenge" */ = {
			isa = XCConfigurationList;
			buildConfigurations = (
				133DA70D2F682BFE00F8AE82 /* Debug */,
				133DA70E2F682BFE00F8AE82 /* Release */,
			);
			defaultConfigurationIsVisible = 0;
			defaultConfigurationName = Release;
		};
		133DA70F2F682BFE00F8AE82 /* Build configuration list for PBXNativeTarget "AIChallenge" */ = {
			isa = XCConfigurationList;
			buildConfigurations = (
				133DA7102F682BFE00F8AE82 /* Debug */,
				133DA7112F682BFE00F8AE82 /* Release */,
			);
			defaultConfigurationIsVisible = 0;
			defaultConfigurationName = Release;
		};
		133DA7122F682BFE00F8AE82 /* Build configuration list for PBXNativeTarget "AIChallengeTests" */ = {
			isa = XCConfigurationList;
			buildConfigurations = (
				133DA7132F682BFE00F8AE82 /* Debug */,
				133DA7142F682BFE00F8AE82 /* Release */,
			);
			defaultConfigurationIsVisible = 0;
			defaultConfigurationName = Release;
		};
		133DA7152F682BFE00F8AE82 /* Build configuration list for PBXNativeTarget "AIChallengeUITests" */ = {
			isa = XCConfigurationList;
			buildConfigurations = (
				133DA7162F682BFE00F8AE82 /* Debug */,
				133DA7172F682BFE00F8AE82 /* Release */,
			);
			defaultConfigurationIsVisible = 0;
			defaultConfigurationName = Release;
		};
/* End XCConfigurationList section */

/* Begin XCRemoteSwiftPackageReference section */
		1305B2382F75B405009A2D6C /* XCRemoteSwiftPackageReference "GRDB" */ = {
			isa = XCRemoteSwiftPackageReference;
			repositoryURL = "https://github.com/groue/GRDB.swift";
			requirement = {
				branch = master;
				kind = branch;
			};
		};
/* End XCRemoteSwiftPackageReference section */

/* Begin XCSwiftPackageProductDependency section */
		1305B2392F75B405009A2D6C /* GRDB */ = {
			isa = XCSwiftPackageProductDependency;
			package = 1305B2382F75B405009A2D6C /* XCRemoteSwiftPackageReference "GRDB" */;
			productName = GRDB;
		};
/* End XCSwiftPackageProductDependency section */
	};
	rootObject = 133DA6E62F682BFA00F8AE82 /* Project object */;
}
