// !$*UTF8*$!
{
	archiveVersion = 1;
	classes = {
	};
	objectVersion = 77;
	objects = {

/* Begin PBXBuildFile section */
		1305B1FC2F7081CE009A2D6C /* MessageRole.swift in Sources */ = {isa = PBXBuildFile; fileRef = 1305B1FB2F7081CE009A2D6C /* MessageRole.swift */; };
		1305B1FF2F7085CF009A2D6C /* OllamaAgent.swift in Sources */ = {isa = PBXBuildFile; fileRef = 1305B1FE2F7085CF009A2D6C /* OllamaAgent.swift */; };
		1305B2012F70885F009A2D6C /* Message.swift in Sources */ = {isa = PBXBuildFile; fileRef = 1305B2002F70885F009A2D6C /* Message.swift */; };
		1305B2032F709919009A2D6C /* OllamaChunk.swift in Sources */ = {isa = PBXBuildFile; fileRef = 1305B2022F709919009A2D6C /* OllamaChunk.swift */; };
		1305B2052F71A2A6009A2D6C /* OllamaModel.swift in Sources */ = {isa = PBXBuildFile; fileRef = 1305B2042F71A2A6009A2D6C /* OllamaModel.swift */; };
		1305B2082F71B0A8009A2D6C /* Notification+ext.swift in Sources */ = {isa = PBXBuildFile; fileRef = 1305B2072F71B0A8009A2D6C /* Notification+ext.swift */; };
		1305B2112F71B707009A2D6C /* OllamaPreset.swift in Sources */ = {isa = PBXBuildFile; fileRef = 1305B2102F71B707009A2D6C /* OllamaPreset.swift */; };
		1305B2132F71C6B0009A2D6C /* OpenRouterStreamer.swift in Sources */ = {isa = PBXBuildFile; fileRef = 1305B2122F71C6B0009A2D6C /* OpenRouterStreamer.swift */; };
		1305B2152F71C775009A2D6C /* OpenRouterAgent.swift in Sources */ = {isa = PBXBuildFile; fileRef = 1305B2142F71C775009A2D6C /* OpenRouterAgent.swift */; };
		1305B2172F7309F6009A2D6C /* OptionsBuilder.swift in Sources */ = {isa = PBXBuildFile; fileRef = 1305B2162F7309F6009A2D6C /* OptionsBuilder.swift */; };
		1305B2192F730A2B009A2D6C /* LLMOptions.swift in Sources */ = {isa = PBXBuildFile; fileRef = 1305B2182F730A2B009A2D6C /* LLMOptions.swift */; };
		1305B21B2F730BE0009A2D6C /* LLMProvider.swift in Sources */ = {isa = PBXBuildFile; fileRef = 1305B21A2F730BE0009A2D6C /* LLMProvider.swift */; };
		1305B21E2F731607009A2D6C /* HiddenModifier.swift in Sources */ = {isa = PBXBuildFile; fileRef = 1305B21D2F731607009A2D6C /* HiddenModifier.swift */; };
		1305B22E2F75AEF0009A2D6C /* MessageRepository.swift in Sources */ = {isa = PBXBuildFile; fileRef = 1305B22D2F75AEF0009A2D6C /* MessageRepository.swift */; };
		1305B2302F75AEFB009A2D6C /* MessageRepositoryProtocol.swift in Sources */ = {isa = PBXBuildFile; fileRef = 1305B22F2F75AEFB009A2D6C /* MessageRepositoryProtocol.swift */; };
		1305B23A2F75B405009A2D6C /* GRDB in Frameworks */ = {isa = PBXBuildFile; productRef = 1305B2392F75B405009A2D6C /* GRDB */; };
		1305B23E2F75B58A009A2D6C /* SQLiteDB.swift in Sources */ = {isa = PBXBuildFile; fileRef = 1305B23D2F75B58A009A2D6C /* SQLiteDB.swift */; };
		133DA6F22F682BFA00F8AE82 /* AIChallengeApp.swift in Sources */ = {isa = PBXBuildFile; fileRef = 133DA6F12F682BFA00F8AE82 /* AIChallengeApp.swift */; };
		133DA6F62F682BFE00F8AE82 /* Assets.xcassets in Resources */ = {isa = PBXBuildFile; fileRef = 133DA6F52F682BFE00F8AE82 /* Assets.xcassets */; };
		133DA71A2F682C6300F8AE82 /* Constants.swift in Sources */ = {isa = PBXBuildFile; fileRef = 133DA7192F682C6300F8AE82 /* Constants.swift */; };
		133DA7232F684C7600F8AE82 /* OllamaStreamer.swift in Sources */ = {isa = PBXBuildFile; fileRef = 133DA7222F684C7600F8AE82 /* OllamaStreamer.swift */; };
		133DA7282F684D1A00F8AE82 /* LLMAgentProtocol.swift in Sources */ = {isa = PBXBuildFile; fileRef = 133DA7272F684D1A00F8AE82 /* LLMAgentProtocol.swift */; };
		133DA72B2F684F5F00F8AE82 /* LLMURL.swift in Sources */ = {isa = PBXBuildFile; fileRef = 133DA72A2F684F5F00F8AE82 /* LLMURL.swift */; };
		13BD3A342F7E46E40059C0A5 /* ContextStrategy.swift in Sources */ = {isa = PBXBuildFile; fileRef = 13BD3A332F7E46E40059C0A5 /* ContextStrategy.swift */; };
		13BD3A362F7E47850059C0A5 /* ContextStrategyProtocol.swift in Sources */ = {isa = PBXBuildFile; fileRef = 13BD3A352F7E47850059C0A5 /* ContextStrategyProtocol.swift */; };
		13BD3A392F7E47B90059C0A5 /* SlidingWindowStrategy.swift in Sources */ = {isa = PBXBuildFile; fileRef = 13BD3A382F7E47B90059C0A5 /* SlidingWindowStrategy.swift */; };
		13BD3A3B2F7E47CA0059C0A5 /* FactsStrategy.swift in Sources */ = {isa = PBXBuildFile; fileRef = 13BD3A3A2F7E47CA0059C0A5 /* FactsStrategy.swift */; };
		13BD3A3D2F7E47F20059C0A5 /* BranchingStrategy.swift in Sources */ = {isa = PBXBuildFile; fileRef = 13BD3A3C2F7E47F20059C0A5 /* BranchingStrategy.swift */; };
		13BD3A402F7EE55F0059C0A5 /* WorkingMemoryRepositoryProtocol.swift in Sources */ = {isa = PBXBuildFile; fileRef = 13BD3A3F2F7EE55F0059C0A5 /* WorkingMemoryRepositoryProtocol.swift */; };
		13BD3A422F7EE5750059C0A5 /* WorkingMemoryRepository.swift in Sources */ = {isa = PBXBuildFile; fileRef = 13BD3A412F7EE5750059C0A5 /* WorkingMemoryRepository.swift */; };
		13BD3A452F7EE5CD0059C0A5 /* LongTermMemoryRepositoryProtocol.swift in Sources */ = {isa = PBXBuildFile; fileRef = 13BD3A442F7EE5CD0059C0A5 /* LongTermMemoryRepositoryProtocol.swift */; };
		13BD3A472F7EE5F90059C0A5 /* LongTermMemoryRepository.swift in Sources */ = {isa = PBXBuildFile; fileRef = 13BD3A462F7EE5F90059C0A5 /* LongTermMemoryRepository.swift */; };
		13BD3A4A2F7EE6810059C0A5 /* MemoryService.swift in Sources */ = {isa = PBXBuildFile; fileRef = 13BD3A492F7EE6810059C0A5 /* MemoryService.swift */; };
		13BD3A4C2F7EE6F40059C0A5 /* WorkingMemoryItem.swift in Sources */ = {isa = PBXBuildFile; fileRef = 13BD3A4B2F7EE6F40059C0A5 /* WorkingMemoryItem.swift */; };
		13BD3A4E2F7EE7070059C0A5 /* LongTermMemoryItem.swift in Sources */ = {isa = PBXBuildFile; fileRef = 13BD3A4D2F7EE7070059C0A5 /* LongTermMemoryItem.swift */; };
		13BD3A502F7EE7AC0059C0A5 /* MemoryServiceProtocol.swift in Sources */ = {isa = PBXBuildFile; fileRef = 13BD3A4F2F7EE7AC0059C0A5 /* MemoryServiceProtocol.swift */; };
		13BD3A522F7EFFFB0059C0A5 /* UserProfile.swift in Sources */ = {isa = PBXBuildFile; fileRef = 13BD3A512F7EFFFB0059C0A5 /* UserProfile.swift */; };
		13BD3A552F7F00730059C0A5 /* UserProfileRepositoryProtocol.swift in Sources */ = {isa = PBXBuildFile; fileRef = 13BD3A542F7F00730059C0A5 /* UserProfileRepositoryProtocol.swift */; };
		13BD3A572F7F00840059C0A5 /* UserProfileRepository.swift in Sources */ = {isa = PBXBuildFile; fileRef = 13BD3A562F7F00840059C0A5 /* UserProfileRepository.swift */; };
		13BD3A5A2F7F01110059C0A5 /* UserProfileServiceProtocol.swift in Sources */ = {isa = PBXBuildFile; fileRef = 13BD3A592F7F01110059C0A5 /* UserProfileServiceProtocol.swift */; };
		13BD3A5C2F7F01190059C0A5 /* UserProfileService.swift in Sources */ = {isa = PBXBuildFile; fileRef = 13BD3A5B2F7F01190059C0A5 /* UserProfileService.swift */; };
		13BD3A672F82B20C0059C0A5 /* TaskContext.swift in Sources */ = {isa = PBXBuildFile; fileRef = 13BD3A662F82B20C0059C0A5 /* TaskContext.swift */; };
		13BD3A692F82B2360059C0A5 /* TaskStateMachine.swift in Sources */ = {isa = PBXBuildFile; fileRef = 13BD3A682F82B2360059C0A5 /* TaskStateMachine.swift */; };
		13BD3A6B2F82B29E0059C0A5 /* TaskPromptBuilder.swift in Sources */ = {isa = PBXBuildFile; fileRef = 13BD3A6A2F82B29E0059C0A5 /* TaskPromptBuilder.swift */; };
		13BD3A6E2F82B2E90059C0A5 /* TaskContextRepositoryProtocol.swift in Sources */ = {isa = PBXBuildFile; fileRef = 13BD3A6D2F82B2E90059C0A5 /* TaskContextRepositoryProtocol.swift */; };
		13BD3A702F82B30E0059C0A5 /* TaskContextRepository.swift in Sources */ = {isa = PBXBuildFile; fileRef = 13BD3A6F2F82B30E0059C0A5 /* TaskContextRepository.swift */; };
		13BD3A732F82B38F0059C0A5 /* TaskContextServiceProtocol.swift in Sources */ = {isa = PBXBuildFile; fileRef = 13BD3A722F82B38F0059C0A5 /* TaskContextServiceProtocol.swift */; };
		13BD3A752F82B3BF0059C0A5 /* TaskContextService.swift in Sources */ = {isa = PBXBuildFile; fileRef = 13BD3A742F82B3BF0059C0A5 /* TaskContextService.swift */; };
		13BD3A782F82C0A60059C0A5 /* invariants.md in Resources */ = {isa = PBXBuildFile; fileRef = 13BD3A772F82C0A60059C0A5 /* invariants.md */; };
		13BD3A7A2F82C0ED0059C0A5 /* Invariant.swift in Sources */ = {isa = PBXBuildFile; fileRef = 13BD3A792F82C0ED0059C0A5 /* Invariant.swift */; };
		13BD3A7D2F82C1250059C0A5 /* InvariantRepositoryProtocol.swift in Sources */ = {isa = PBXBuildFile; fileRef = 13BD3A7C2F82C1250059C0A5 /* InvariantRepositoryProtocol.swift */; };
		13BD3A7F2F82C1410059C0A5 /* MarkdownInvariantRepository.swift in Sources */ = {isa = PBXBuildFile; fileRef = 13BD3A7E2F82C1410059C0A5 /* MarkdownInvariantRepository.swift */; };
		13BD3A822F82C2230059C0A5 /* InvariantServiceProtocol.swift in Sources */ = {isa = PBXBuildFile; fileRef = 13BD3A812F82C2230059C0A5 /* InvariantServiceProtocol.swift */; };
		13BD3A842F82C2480059C0A5 /* InvariantValidationResult.swift in Sources */ = {isa = PBXBuildFile; fileRef = 13BD3A832F82C2480059C0A5 /* InvariantValidationResult.swift */; };
		13BD3A862F82C2680059C0A5 /* InvariantService.swift in Sources */ = {isa = PBXBuildFile; fileRef = 13BD3A852F82C2680059C0A5 /* InvariantService.swift */; };
		13BD3A882F82D9520059C0A5 /* TaskPhase.swift in Sources */ = {isa = PBXBuildFile; fileRef = 13BD3A872F82D9520059C0A5 /* TaskPhase.swift */; };
		13BD3A8A2F82D9700059C0A5 /* TaskRunStatus.swift in Sources */ = {isa = PBXBuildFile; fileRef = 13BD3A892F82D9700059C0A5 /* TaskRunStatus.swift */; };
		13BD3A8C2F82D9B40059C0A5 /* TaskTransitionError.swift in Sources */ = {isa = PBXBuildFile; fileRef = 13BD3A8B2F82D9B40059C0A5 /* TaskTransitionError.swift */; };
		13BD3A8E2F82DBA30059C0A5 /* OllamaChunk+Mock.swift in Sources */ = {isa = PBXBuildFile; fileRef = 13BD3A8D2F82DBA30059C0A5 /* OllamaChunk+Mock.swift */; };
		13BD3AA92F84469F0059C0A5 /* MCP in Frameworks */ = {isa = PBXBuildFile; productRef = 13BD3AA82F84469F0059C0A5 /* MCP */; };
		13BD3AAB2F8448960059C0A5 /* MCPServerConfig.swift in Sources */ = {isa = PBXBuildFile; fileRef = 13BD3AAA2F8448960059C0A5 /* MCPServerConfig.swift */; };
		13BD3AAE2F84495A0059C0A5 /* GitHubMCPOAuthDelegate.swift in Sources */ = {isa = PBXBuildFile; fileRef = 13BD3AAD2F84495A0059C0A5 /* GitHubMCPOAuthDelegate.swift */; };
		13BD3AB32F844B4D0059C0A5 /* MCPClientService.swift in Sources */ = {isa = PBXBuildFile; fileRef = 13BD3AB22F844B4D0059C0A5 /* MCPClientService.swift */; };
		13BD3ABA2F8457140059C0A5 /* GitHubMCPpatClient.swift in Sources */ = {isa = PBXBuildFile; fileRef = 13BD3AB92F8457140059C0A5 /* GitHubMCPpatClient.swift */; };
		13BD3AC22F8574EF0059C0A5 /* Claude.md in Resources */ = {isa = PBXBuildFile; fileRef = 13BD3AC12F8574EF0059C0A5 /* Claude.md */; };
		13DD3A452F86CA7300CBB182 /* MCPToolExecutor.swift in Sources */ = {isa = PBXBuildFile; fileRef = 13DD3A442F86CA7300CBB182 /* MCPToolExecutor.swift */; };
		13DD3A472F86CAC900CBB182 /* MCPToolExecutorProtocol.swift in Sources */ = {isa = PBXBuildFile; fileRef = 13DD3A462F86CAC900CBB182 /* MCPToolExecutorProtocol.swift */; };
		13DD3A4A2F86D09100CBB182 /* DefaultToolPlanner.swift in Sources */ = {isa = PBXBuildFile; fileRef = 13DD3A492F86D09100CBB182 /* DefaultToolPlanner.swift */; };
		13DD3A4C2F86D0B600CBB182 /* ToolPlanningProtocol.swift in Sources */ = {isa = PBXBuildFile; fileRef = 13DD3A4B2F86D0B600CBB182 /* ToolPlanningProtocol.swift */; };
		13DD3A4E2F86D0EF00CBB182 /* ToolInvocationPlan.swift in Sources */ = {isa = PBXBuildFile; fileRef = 13DD3A4D2F86D0EF00CBB182 /* ToolInvocationPlan.swift */; };
		13DD3A512F881B3400CBB182 /* SummaryPollingService.swift in Sources */ = {isa = PBXBuildFile; fileRef = 13DD3A502F881B3400CBB182 /* SummaryPollingService.swift */; };
		13DD3A582F8820BB00CBB182 /* ScheduledJob.swift in Sources */ = {isa = PBXBuildFile; fileRef = 13DD3A572F8820BA00CBB182 /* ScheduledJob.swift */; };
		13DD3A612F89608800CBB182 /* MCPServer.swift in Sources */ = {isa = PBXBuildFile; fileRef = 13DD3A602F89608800CBB182 /* MCPServer.swift */; };
		13DD3A632F8960CA00CBB182 /* MCPServerRegistry.swift in Sources */ = {isa = PBXBuildFile; fileRef = 13DD3A622F8960CA00CBB182 /* MCPServerRegistry.swift */; };
		13DD3A652F89610200CBB182 /* MCPToolRouter.swift in Sources */ = {isa = PBXBuildFile; fileRef = 13DD3A642F89610200CBB182 /* MCPToolRouter.swift */; };
		13DD3A672F89611100CBB182 /* RoutedTool.swift in Sources */ = {isa = PBXBuildFile; fileRef = 13DD3A662F89611100CBB182 /* RoutedTool.swift */; };
		13DD3A692F89758500CBB182 /* MCPServerDescriptor.swift in Sources */ = {isa = PBXBuildFile; fileRef = 13DD3A682F89758500CBB182 /* MCPServerDescriptor.swift */; };
		13DD3A6C2F8975DA00CBB182 /* MCPToolRouterError.swift in Sources */ = {isa = PBXBuildFile; fileRef = 13DD3A6B2F8975DA00CBB182 /* MCPToolRouterError.swift */; };
		13DD3A702F89777A00CBB182 /* MCPPlannedToolCall.swift in Sources */ = {isa = PBXBuildFile; fileRef = 13DD3A6F2F89777A00CBB182 /* MCPPlannedToolCall.swift */; };
		13DD3A722F89779200CBB182 /* MCPOrchestrationResult.swift in Sources */ = {isa = PBXBuildFile; fileRef = 13DD3A712F89779200CBB182 /* MCPOrchestrationResult.swift */; };
		13DD3A752F8977CC00CBB182 /* MCPOrchestratorProtocol.swift in Sources */ = {isa = PBXBuildFile; fileRef = 13DD3A742F8977CC00CBB182 /* MCPOrchestratorProtocol.swift */; };
		13DD3A772F8977E700CBB182 /* MCPOrchestrator.swift in Sources */ = {isa = PBXBuildFile; fileRef = 13DD3A762F8977E700CBB182 /* MCPOrchestrator.swift */; };
		13DD3A792F91000100CBB182 /* LocalPathPrivacy.swift in Sources */ = {isa = PBXBuildFile; fileRef = 13DD3A782F91000100CBB182 /* LocalPathPrivacy.swift */; };
		13DD3BBE2F8FE20500CBB182 /* rag-evaluation.md in Resources */ = {isa = PBXBuildFile; fileRef = 13DD3BBD2F8FE20500CBB182 /* rag-evaluation.md */; };
		14AA02012F90000000000001 /* RAGModels.swift in Sources */ = {isa = PBXBuildFile; fileRef = 14AA01012F90000000000001 /* RAGModels.swift */; };
		14AA02022F90000000000002 /* EmbeddingServiceProtocol.swift in Sources */ = {isa = PBXBuildFile; fileRef = 14AA01022F90000000000002 /* EmbeddingServiceProtocol.swift */; };
		14AA02032F90000000000003 /* OllamaEmbeddingService.swift in Sources */ = {isa = PBXBuildFile; fileRef = 14AA01032F90000000000003 /* OllamaEmbeddingService.swift */; };
		14AA02042F90000000000004 /* RAGChunker.swift in Sources */ = {isa = PBXBuildFile; fileRef = 14AA01042F90000000000004 /* RAGChunker.swift */; };
		14AA02052F90000000000005 /* ZipDocumentExtractorProtocol.swift in Sources */ = {isa = PBXBuildFile; fileRef = 14AA01052F90000000000005 /* ZipDocumentExtractorProtocol.swift */; };
		14AA02062F90000000000006 /* ZipDocumentExtractor.swift in Sources */ = {isa = PBXBuildFile; fileRef = 14AA01062F90000000000006 /* ZipDocumentExtractor.swift */; };
		14AA02072F90000000000007 /* RAGIndexingError.swift in Sources */ = {isa = PBXBuildFile; fileRef = 14AA01072F90000000000007 /* RAGIndexingError.swift */; };
		14AA02082F90000000000008 /* DocumentIndexingServiceProtocol.swift in Sources */ = {isa = PBXBuildFile; fileRef = 14AA01082F90000000000008 /* DocumentIndexingServiceProtocol.swift */; };
		14AA02092F90000000000009 /* DocumentIndexingService.swift in Sources */ = {isa = PBXBuildFile; fileRef = 14AA01092F90000000000009 /* DocumentIndexingService.swift */; };
		14AA020A2F9000000000000A /* RAGIndexRepositoryProtocol.swift in Sources */ = {isa = PBXBuildFile; fileRef = 14AA010A2F9000000000000A /* RAGIndexRepositoryProtocol.swift */; };
		14AA020B2F9000000000000B /* RAGIndexRepository.swift in Sources */ = {isa = PBXBuildFile; fileRef = 14AA010B2F9000000000000B /* RAGIndexRepository.swift */; };
		14AA020C2F9000000000000C /* RAGRetrievalServiceProtocol.swift in Sources */ = {isa = PBXBuildFile; fileRef = 14AA010C2F9000000000000C /* RAGRetrievalServiceProtocol.swift */; };
		14AA020D2F9000000000000D /* RAGRetrievalService.swift in Sources */ = {isa = PBXBuildFile; fileRef = 14AA010D2F9000000000000D /* RAGRetrievalService.swift */; };
		14AA020E2F9000000000000E /* RAGRelevanceFilteringServiceProtocol.swift in Sources */ = {isa = PBXBuildFile; fileRef = 14AA010E2F9000000000000E /* RAGRelevanceFilteringServiceProtocol.swift */; };
		14AA020F2F9000000000000F /* RAGRelevanceFilteringService.swift in Sources */ = {isa = PBXBuildFile; fileRef = 14AA010F2F9000000000000F /* RAGRelevanceFilteringService.swift */; };
		14AA02102F90000000000010 /* RAGQueryRewriteServiceProtocol.swift in Sources */ = {isa = PBXBuildFile; fileRef = 14AA01102F90000000000010 /* RAGQueryRewriteServiceProtocol.swift */; };
		14AA02112F90000000000011 /* OllamaRAGQueryRewriteService.swift in Sources */ = {isa = PBXBuildFile; fileRef = 14AA01112F90000000000011 /* OllamaRAGQueryRewriteService.swift */; };
		14AA02122F90000000000012 /* RAGAnswerValidationServiceProtocol.swift in Sources */ = {isa = PBXBuildFile; fileRef = 14AA01122F90000000000012 /* RAGAnswerValidationServiceProtocol.swift */; };
		14AA02132F90000000000013 /* RAGAnswerValidationService.swift in Sources */ = {isa = PBXBuildFile; fileRef = 14AA01132F90000000000013 /* RAGAnswerValidationService.swift */; };
		14AA02142F90000000000014 /* RAGEvaluationQuestionRepositoryProtocol.swift in Sources */ = {isa = PBXBuildFile; fileRef = 14AA01142F90000000000014 /* RAGEvaluationQuestionRepositoryProtocol.swift */; };
		14AA02152F90000000000015 /* MarkdownRAGEvaluationQuestionRepository.swift in Sources */ = {isa = PBXBuildFile; fileRef = 14AA01152F90000000000015 /* MarkdownRAGEvaluationQuestionRepository.swift */; };
		14AA02162F90000000000016 /* RAGEvaluationServiceProtocol.swift in Sources */ = {isa = PBXBuildFile; fileRef = 14AA01162F90000000000016 /* RAGEvaluationServiceProtocol.swift */; };
		14AA02172F90000000000017 /* RAGEvaluationService.swift in Sources */ = {isa = PBXBuildFile; fileRef = 14AA01172F90000000000017 /* RAGEvaluationService.swift */; };
		14AA02182F90000000000018 /* RAGTaskMemoryServiceProtocol.swift in Sources */ = {isa = PBXBuildFile; fileRef = 14AA01182F90000000000018 /* RAGTaskMemoryServiceProtocol.swift */; };
		14AA02192F90000000000019 /* RAGTaskMemoryService.swift in Sources */ = {isa = PBXBuildFile; fileRef = 14AA01192F90000000000019 /* RAGTaskMemoryService.swift */; };
		14AA021A2F9000000000001A /* RAGMiniChatScenarioRepositoryProtocol.swift in Sources */ = {isa = PBXBuildFile; fileRef = 14AA011A2F9000000000001A /* RAGMiniChatScenarioRepositoryProtocol.swift */; };
		14AA021B2F9000000000001B /* DefaultRAGMiniChatScenarioRepository.swift in Sources */ = {isa = PBXBuildFile; fileRef = 14AA011B2F9000000000001B /* DefaultRAGMiniChatScenarioRepository.swift */; };
		14AA021C2F9000000000001C /* RAGMiniChatScenarioEvaluationServiceProtocol.swift in Sources */ = {isa = PBXBuildFile; fileRef = 14AA011C2F9000000000001C /* RAGMiniChatScenarioEvaluationServiceProtocol.swift */; };
		14AA021D2F9000000000001D /* RAGMiniChatScenarioEvaluationService.swift in Sources */ = {isa = PBXBuildFile; fileRef = 14AA011D2F9000000000001D /* RAGMiniChatScenarioEvaluationService.swift */; };
		14AA02202F90000000000020 /* LocalHashedEmbeddingServiceProtocol.swift in Sources */ = {isa = PBXBuildFile; fileRef = 14AA01202F90000000000020 /* LocalHashedEmbeddingServiceProtocol.swift */; };
		14AA02212F90000000000021 /* LocalHashedEmbeddingService.swift in Sources */ = {isa = PBXBuildFile; fileRef = 14AA01212F90000000000021 /* LocalHashedEmbeddingService.swift */; };
		14AA02222F90000000000022 /* RAGEmbeddingExecutionModeServiceProtocol.swift in Sources */ = {isa = PBXBuildFile; fileRef = 14AA01222F90000000000022 /* RAGEmbeddingExecutionModeServiceProtocol.swift */; };
		14AA02232F90000000000023 /* RAGEmbeddingExecutionModeService.swift in Sources */ = {isa = PBXBuildFile; fileRef = 14AA01232F90000000000023 /* RAGEmbeddingExecutionModeService.swift */; };
		14AA02242F90000000000024 /* AdaptiveEmbeddingServiceProtocol.swift in Sources */ = {isa = PBXBuildFile; fileRef = 14AA01242F90000000000024 /* AdaptiveEmbeddingServiceProtocol.swift */; };
		14AA02252F90000000000025 /* AdaptiveEmbeddingService.swift in Sources */ = {isa = PBXBuildFile; fileRef = 14AA01252F90000000000025 /* AdaptiveEmbeddingService.swift */; };
		14AA02262F90000000000026 /* RAGMCPClient.swift in Sources */ = {isa = PBXBuildFile; fileRef = 14AA01262F90000000000026 /* RAGMCPClient.swift */; };
		14AA04032F90000000000003 /* ZIPFoundation in Frameworks */ = {isa = PBXBuildFile; productRef = 14AA04022F90000000000002 /* ZIPFoundation */; };
		15CC10012FA0000000000001 /* LlamaCppBridge in Frameworks */ = {isa = PBXBuildFile; productRef = 15CC10032FA0000000000003 /* LlamaCppBridge */; };
/* End PBXBuildFile section */

/* Begin PBXContainerItemProxy section */
		133DA6FC2F682BFE00F8AE82 /* PBXContainerItemProxy */ = {
			isa = PBXContainerItemProxy;
			containerPortal = 133DA6E62F682BFA00F8AE82 /* Project object */;
			proxyType = 1;
			remoteGlobalIDString = 133DA6ED2F682BFA00F8AE82;
			remoteInfo = AIChallenge;
		};
		133DA7062F682BFE00F8AE82 /* PBXContainerItemProxy */ = {
			isa = PBXContainerItemProxy;
			containerPortal = 133DA6E62F682BFA00F8AE82 /* Project object */;
			proxyType = 1;
			remoteGlobalIDString = 133DA6ED2F682BFA00F8AE82;
			remoteInfo = AIChallenge;
		};
/* End PBXContainerItemProxy section */

/* Begin PBXFileReference section */
		1305B1FB2F7081CE009A2D6C /* MessageRole.swift */ = {isa = PBXFileReference; lastKnownFileType = sourcecode.swift; path = MessageRole.swift; sourceTree = "<group>"; };
		1305B1FE2F7085CF009A2D6C /* OllamaAgent.swift */ = {isa = PBXFileReference; lastKnownFileType = sourcecode.swift; path = OllamaAgent.swift; sourceTree = "<group>"; };
		1305B2002F70885F009A2D6C /* Message.swift */ = {isa = PBXFileReference; lastKnownFileType = sourcecode.swift; path = Message.swift; sourceTree = "<group>"; };
		1305B2022F709919009A2D6C /* OllamaChunk.swift */ = {isa = PBXFileReference; lastKnownFileType = sourcecode.swift; path = OllamaChunk.swift; sourceTree = "<group>"; };
		1305B2042F71A2A6009A2D6C /* OllamaModel.swift */ = {isa = PBXFileReference; lastKnownFileType = sourcecode.swift; path = OllamaModel.swift; sourceTree = "<group>"; };
		1305B2072F71B0A8009A2D6C /* Notification+ext.swift */ = {isa = PBXFileReference; lastKnownFileType = sourcecode.swift; path = "Notification+ext.swift"; sourceTree = "<group>"; };
		1305B2102F71B707009A2D6C /* OllamaPreset.swift */ = {isa = PBXFileReference; lastKnownFileType = sourcecode.swift; path = OllamaPreset.swift; sourceTree = "<group>"; };
		1305B2122F71C6B0009A2D6C /* OpenRouterStreamer.swift */ = {isa = PBXFileReference; lastKnownFileType = sourcecode.swift; path = OpenRouterStreamer.swift; sourceTree = "<group>"; };
		1305B2142F71C775009A2D6C /* OpenRouterAgent.swift */ = {isa = PBXFileReference; lastKnownFileType = sourcecode.swift; path = OpenRouterAgent.swift; sourceTree = "<group>"; };
		1305B2162F7309F6009A2D6C /* OptionsBuilder.swift */ = {isa = PBXFileReference; lastKnownFileType = sourcecode.swift; path = OptionsBuilder.swift; sourceTree = "<group>"; };
		1305B2182F730A2B009A2D6C /* LLMOptions.swift */ = {isa = PBXFileReference; lastKnownFileType = sourcecode.swift; path = LLMOptions.swift; sourceTree = "<group>"; };
		1305B21A2F730BE0009A2D6C /* LLMProvider.swift */ = {isa = PBXFileReference; lastKnownFileType = sourcecode.swift; path = LLMProvider.swift; sourceTree = "<group>"; };
		1305B21D2F731607009A2D6C /* HiddenModifier.swift */ = {isa = PBXFileReference; lastKnownFileType = sourcecode.swift; path = HiddenModifier.swift; sourceTree = "<group>"; };
		1305B22D2F75AEF0009A2D6C /* MessageRepository.swift */ = {isa = PBXFileReference; lastKnownFileType = sourcecode.swift; path = MessageRepository.swift; sourceTree = "<group>"; };
		1305B22F2F75AEFB009A2D6C /* MessageRepositoryProtocol.swift */ = {isa = PBXFileReference; lastKnownFileType = sourcecode.swift; path = MessageRepositoryProtocol.swift; sourceTree = "<group>"; };
		1305B23D2F75B58A009A2D6C /* SQLiteDB.swift */ = {isa = PBXFileReference; lastKnownFileType = sourcecode.swift; path = SQLiteDB.swift; sourceTree = "<group>"; };
		133DA6EE2F682BFA00F8AE82 /* AIChallenge.app */ = {isa = PBXFileReference; explicitFileType = wrapper.application; includeInIndex = 0; path = AIChallenge.app; sourceTree = BUILT_PRODUCTS_DIR; };
		133DA6F12F682BFA00F8AE82 /* AIChallengeApp.swift */ = {isa = PBXFileReference; lastKnownFileType = sourcecode.swift; path = AIChallengeApp.swift; sourceTree = "<group>"; };
		133DA6F52F682BFE00F8AE82 /* Assets.xcassets */ = {isa = PBXFileReference; lastKnownFileType = folder.assetcatalog; path = Assets.xcassets; sourceTree = "<group>"; };
		133DA6FB2F682BFE00F8AE82 /* AIChallengeTests.xctest */ = {isa = PBXFileReference; explicitFileType = wrapper.cfbundle; includeInIndex = 0; path = AIChallengeTests.xctest; sourceTree = BUILT_PRODUCTS_DIR; };
		133DA7052F682BFE00F8AE82 /* AIChallengeUITests.xctest */ = {isa = PBXFileReference; explicitFileType = wrapper.cfbundle; includeInIndex = 0; path = AIChallengeUITests.xctest; sourceTree = BUILT_PRODUCTS_DIR; };
		133DA7192F682C6300F8AE82 /* Constants.swift */ = {isa = PBXFileReference; lastKnownFileType = sourcecode.swift; path = Constants.swift; sourceTree = "<group>"; };
		133DA7222F684C7600F8AE82 /* OllamaStreamer.swift */ = {isa = PBXFileReference; lastKnownFileType = sourcecode.swift; path = OllamaStreamer.swift; sourceTree = "<group>"; };
		133DA7272F684D1A00F8AE82 /* LLMAgentProtocol.swift */ = {isa = PBXFileReference; lastKnownFileType = sourcecode.swift; path = LLMAgentProtocol.swift; sourceTree = "<group>"; };
		133DA72A2F684F5F00F8AE82 /* LLMURL.swift */ = {isa = PBXFileReference; lastKnownFileType = sourcecode.swift; path = LLMURL.swift; sourceTree = "<group>"; };
		13BD3A332F7E46E40059C0A5 /* ContextStrategy.swift */ = {isa = PBXFileReference; lastKnownFileType = sourcecode.swift; path = ContextStrategy.swift; sourceTree = "<group>"; };
		13BD3A352F7E47850059C0A5 /* ContextStrategyProtocol.swift */ = {isa = PBXFileReference; lastKnownFileType = sourcecode.swift; path = ContextStrategyProtocol.swift; sourceTree = "<group>"; };
		13BD3A382F7E47B90059C0A5 /* SlidingWindowStrategy.swift */ = {isa = PBXFileReference; lastKnownFileType = sourcecode.swift; path = SlidingWindowStrategy.swift; sourceTree = "<group>"; };
		13BD3A3A2F7E47CA0059C0A5 /* FactsStrategy.swift */ = {isa = PBXFileReference; lastKnownFileType = sourcecode.swift; path = FactsStrategy.swift; sourceTree = "<group>"; };
		13BD3A3C2F7E47F20059C0A5 /* BranchingStrategy.swift */ = {isa = PBXFileReference; lastKnownFileType = sourcecode.swift; path = BranchingStrategy.swift; sourceTree = "<group>"; };
		13BD3A3F2F7EE55F0059C0A5 /* WorkingMemoryRepositoryProtocol.swift */ = {isa = PBXFileReference; lastKnownFileType = sourcecode.swift; path = WorkingMemoryRepositoryProtocol.swift; sourceTree = "<group>"; };
		13BD3A412F7EE5750059C0A5 /* WorkingMemoryRepository.swift */ = {isa = PBXFileReference; lastKnownFileType = sourcecode.swift; path = WorkingMemoryRepository.swift; sourceTree = "<group>"; };
		13BD3A442F7EE5CD0059C0A5 /* LongTermMemoryRepositoryProtocol.swift */ = {isa = PBXFileReference; lastKnownFileType = sourcecode.swift; path = LongTermMemoryRepositoryProtocol.swift; sourceTree = "<group>"; };
		13BD3A462F7EE5F90059C0A5 /* LongTermMemoryRepository.swift */ = {isa = PBXFileReference; lastKnownFileType = sourcecode.swift; path = LongTermMemoryRepository.swift; sourceTree = "<group>"; };
		13BD3A492F7EE6810059C0A5 /* MemoryService.swift */ = {isa = PBXFileReference; lastKnownFileType = sourcecode.swift; path = MemoryService.swift; sourceTree = "<group>"; };
		13BD3A4B2F7EE6F40059C0A5 /* WorkingMemoryItem.swift */ = {isa = PBXFileReference; lastKnownFileType = sourcecode.swift; path = WorkingMemoryItem.swift; sourceTree = "<group>"; };
		13BD3A4D2F7EE7070059C0A5 /* LongTermMemoryItem.swift */ = {isa = PBXFileReference; lastKnownFileType = sourcecode.swift; path = LongTermMemoryItem.swift; sourceTree = "<group>"; };
		13BD3A4F2F7EE7AC0059C0A5 /* MemoryServiceProtocol.swift */ = {isa = PBXFileReference; lastKnownFileType = sourcecode.swift; path = MemoryServiceProtocol.swift; sourceTree = "<group>"; };
		13BD3A512F7EFFFB0059C0A5 /* UserProfile.swift */ = {isa = PBXFileReference; lastKnownFileType = sourcecode.swift; path = UserProfile.swift; sourceTree = "<group>"; };
		13BD3A542F7F00730059C0A5 /* UserProfileRepositoryProtocol.swift */ = {isa = PBXFileReference; lastKnownFileType = sourcecode.swift; path = UserProfileRepositoryProtocol.swift; sourceTree = "<group>"; };
		13BD3A562F7F00840059C0A5 /* UserProfileRepository.swift */ = {isa = PBXFileReference; lastKnownFileType = sourcecode.swift; path = UserProfileRepository.swift; sourceTree = "<group>"; };
		13BD3A592F7F01110059C0A5 /* UserProfileServiceProtocol.swift */ = {isa = PBXFileReference; lastKnownFileType = sourcecode.swift; path = UserProfileServiceProtocol.swift; sourceTree = "<group>"; };
		13BD3A5B2F7F01190059C0A5 /* UserProfileService.swift */ = {isa = PBXFileReference; lastKnownFileType = sourcecode.swift; path = UserProfileService.swift; sourceTree = "<group>"; };
		13BD3A662F82B20C0059C0A5 /* TaskContext.swift */ = {isa = PBXFileReference; lastKnownFileType = sourcecode.swift; path = TaskContext.swift; sourceTree = "<group>"; };
		13BD3A682F82B2360059C0A5 /* TaskStateMachine.swift */ = {isa = PBXFileReference; lastKnownFileType = sourcecode.swift; path = TaskStateMachine.swift; sourceTree = "<group>"; };
		13BD3A6A2F82B29E0059C0A5 /* TaskPromptBuilder.swift */ = {isa = PBXFileReference; lastKnownFileType = sourcecode.swift; path = TaskPromptBuilder.swift; sourceTree = "<group>"; };
		13BD3A6D2F82B2E90059C0A5 /* TaskContextRepositoryProtocol.swift */ = {isa = PBXFileReference; lastKnownFileType = sourcecode.swift; path = TaskContextRepositoryProtocol.swift; sourceTree = "<group>"; };
		13BD3A6F2F82B30E0059C0A5 /* TaskContextRepository.swift */ = {isa = PBXFileReference; lastKnownFileType = sourcecode.swift; path = TaskContextRepository.swift; sourceTree = "<group>"; };
		13BD3A722F82B38F0059C0A5 /* TaskContextServiceProtocol.swift */ = {isa = PBXFileReference; lastKnownFileType = sourcecode.swift; path = TaskContextServiceProtocol.swift; sourceTree = "<group>"; };
		13BD3A742F82B3BF0059C0A5 /* TaskContextService.swift */ = {isa = PBXFileReference; lastKnownFileType = sourcecode.swift; path = TaskContextService.swift; sourceTree = "<group>"; };
		13BD3A772F82C0A60059C0A5 /* invariants.md */ = {isa = PBXFileReference; lastKnownFileType = net.daringfireball.markdown; path = invariants.md; sourceTree = "<group>"; };
		13BD3A792F82C0ED0059C0A5 /* Invariant.swift */ = {isa = PBXFileReference; lastKnownFileType = sourcecode.swift; path = Invariant.swift; sourceTree = "<group>"; };
		13BD3A7C2F82C1250059C0A5 /* InvariantRepositoryProtocol.swift */ = {isa = PBXFileReference; lastKnownFileType = sourcecode.swift; path = InvariantRepositoryProtocol.swift; sourceTree = "<group>"; };
		13BD3A7E2F82C1410059C0A5 /* MarkdownInvariantRepository.swift */ = {isa = PBXFileReference; lastKnownFileType = sourcecode.swift; path = MarkdownInvariantRepository.swift; sourceTree = "<group>"; };
		13BD3A812F82C2230059C0A5 /* InvariantServiceProtocol.swift */ = {isa = PBXFileReference; lastKnownFileType = sourcecode.swift; path = InvariantServiceProtocol.swift; sourceTree = "<group>"; };
		13BD3A832F82C2480059C0A5 /* InvariantValidationResult.swift */ = {isa = PBXFileReference; lastKnownFileType = sourcecode.swift; path = InvariantValidationResult.swift; sourceTree = "<group>"; };
		13BD3A852F82C2680059C0A5 /* InvariantService.swift */ = {isa = PBXFileReference; lastKnownFileType = sourcecode.swift; path = InvariantService.swift; sourceTree = "<group>"; };
		13BD3A872F82D9520059C0A5 /* TaskPhase.swift */ = {isa = PBXFileReference; lastKnownFileType = sourcecode.swift; path = TaskPhase.swift; sourceTree = "<group>"; };
		13BD3A892F82D9700059C0A5 /* TaskRunStatus.swift */ = {isa = PBXFileReference; lastKnownFileType = sourcecode.swift; path = TaskRunStatus.swift; sourceTree = "<group>"; };
		13BD3A8B2F82D9B40059C0A5 /* TaskTransitionError.swift */ = {isa = PBXFileReference; lastKnownFileType = sourcecode.swift; path = TaskTransitionError.swift; sourceTree = "<group>"; };
		13BD3A8D2F82DBA30059C0A5 /* OllamaChunk+Mock.swift */ = {isa = PBXFileReference; lastKnownFileType = sourcecode.swift; path = "OllamaChunk+Mock.swift"; sourceTree = "<group>"; };
		13BD3AAA2F8448960059C0A5 /* MCPServerConfig.swift */ = {isa = PBXFileReference; lastKnownFileType = sourcecode.swift; path = MCPServerConfig.swift; sourceTree = "<group>"; };
		13BD3AAD2F84495A0059C0A5 /* GitHubMCPOAuthDelegate.swift */ = {isa = PBXFileReference; lastKnownFileType = sourcecode.swift; path = GitHubMCPOAuthDelegate.swift; sourceTree = "<group>"; };
		13BD3AB22F844B4D0059C0A5 /* MCPClientService.swift */ = {isa = PBXFileReference; lastKnownFileType = sourcecode.swift; path = MCPClientService.swift; sourceTree = "<group>"; };
		13BD3AB92F8457140059C0A5 /* GitHubMCPpatClient.swift */ = {isa = PBXFileReference; lastKnownFileType = sourcecode.swift; path = GitHubMCPpatClient.swift; sourceTree = "<group>"; };
		13BD3AC12F8574EF0059C0A5 /* Claude.md */ = {isa = PBXFileReference; lastKnownFileType = net.daringfireball.markdown; path = Claude.md; sourceTree = "<group>"; };
		13DD3A442F86CA7300CBB182 /* MCPToolExecutor.swift */ = {isa = PBXFileReference; lastKnownFileType = sourcecode.swift; path = MCPToolExecutor.swift; sourceTree = "<group>"; };
		13DD3A462F86CAC900CBB182 /* MCPToolExecutorProtocol.swift */ = {isa = PBXFileReference; lastKnownFileType = sourcecode.swift; path = MCPToolExecutorProtocol.swift; sourceTree = "<group>"; };
		13DD3A492F86D09100CBB182 /* DefaultToolPlanner.swift */ = {isa = PBXFileReference; lastKnownFileType = sourcecode.swift; path = DefaultToolPlanner.swift; sourceTree = "<group>"; };
		13DD3A4B2F86D0B600CBB182 /* ToolPlanningProtocol.swift */ = {isa = PBXFileReference; lastKnownFileType = sourcecode.swift; path = ToolPlanningProtocol.swift; sourceTree = "<group>"; };
		13DD3A4D2F86D0EF00CBB182 /* ToolInvocationPlan.swift */ = {isa = PBXFileReference; lastKnownFileType = sourcecode.swift; path = ToolInvocationPlan.swift; sourceTree = "<group>"; };
		13DD3A502F881B3400CBB182 /* SummaryPollingService.swift */ = {isa = PBXFileReference; lastKnownFileType = sourcecode.swift; path = SummaryPollingService.swift; sourceTree = "<group>"; };
		13DD3A572F8820BA00CBB182 /* ScheduledJob.swift */ = {isa = PBXFileReference; lastKnownFileType = sourcecode.swift; path = ScheduledJob.swift; sourceTree = "<group>"; };
		13DD3A602F89608800CBB182 /* MCPServer.swift */ = {isa = PBXFileReference; lastKnownFileType = sourcecode.swift; path = MCPServer.swift; sourceTree = "<group>"; };
		13DD3A622F8960CA00CBB182 /* MCPServerRegistry.swift */ = {isa = PBXFileReference; lastKnownFileType = sourcecode.swift; path = MCPServerRegistry.swift; sourceTree = "<group>"; };
		13DD3A642F89610200CBB182 /* MCPToolRouter.swift */ = {isa = PBXFileReference; lastKnownFileType = sourcecode.swift; path = MCPToolRouter.swift; sourceTree = "<group>"; };
		13DD3A662F89611100CBB182 /* RoutedTool.swift */ = {isa = PBXFileReference; lastKnownFileType = sourcecode.swift; path = RoutedTool.swift; sourceTree = "<group>"; };
		13DD3A682F89758500CBB182 /* MCPServerDescriptor.swift */ = {isa = PBXFileReference; lastKnownFileType = sourcecode.swift; path = MCPServerDescriptor.swift; sourceTree = "<group>"; };
		13DD3A6B2F8975DA00CBB182 /* MCPToolRouterError.swift */ = {isa = PBXFileReference; lastKnownFileType = sourcecode.swift; path = MCPToolRouterError.swift; sourceTree = "<group>"; };
		13DD3A6F2F89777A00CBB182 /* MCPPlannedToolCall.swift */ = {isa = PBXFileReference; lastKnownFileType = sourcecode.swift; path = MCPPlannedToolCall.swift; sourceTree = "<group>"; };
		13DD3A712F89779200CBB182 /* MCPOrchestrationResult.swift */ = {isa = PBXFileReference; lastKnownFileType = sourcecode.swift; path = MCPOrchestrationResult.swift; sourceTree = "<group>"; };
		13DD3A742F8977CC00CBB182 /* MCPOrchestratorProtocol.swift */ = {isa = PBXFileReference; lastKnownFileType = sourcecode.swift; path = MCPOrchestratorProtocol.swift; sourceTree = "<group>"; };
		13DD3A762F8977E700CBB182 /* MCPOrchestrator.swift */ = {isa = PBXFileReference; lastKnownFileType = sourcecode.swift; path = MCPOrchestrator.swift; sourceTree = "<group>"; };
		13DD3A782F91000100CBB182 /* LocalPathPrivacy.swift */ = {isa = PBXFileReference; lastKnownFileType = sourcecode.swift; path = LocalPathPrivacy.swift; sourceTree = "<group>"; };
		13DD3BBD2F8FE20500CBB182 /* rag-evaluation.md */ = {isa = PBXFileReference; lastKnownFileType = net.daringfireball.markdown; path = "rag-evaluation.md"; sourceTree = "<group>"; };
		14AA01012F90000000000001 /* RAGModels.swift */ = {isa = PBXFileReference; lastKnownFileType = sourcecode.swift; path = RAGModels.swift; sourceTree = "<group>"; };
		14AA01022F90000000000002 /* EmbeddingServiceProtocol.swift */ = {isa = PBXFileReference; lastKnownFileType = sourcecode.swift; path = EmbeddingServiceProtocol.swift; sourceTree = "<group>"; };
		14AA01032F90000000000003 /* OllamaEmbeddingService.swift */ = {isa = PBXFileReference; lastKnownFileType = sourcecode.swift; path = OllamaEmbeddingService.swift; sourceTree = "<group>"; };
		14AA01042F90000000000004 /* RAGChunker.swift */ = {isa = PBXFileReference; lastKnownFileType = sourcecode.swift; path = RAGChunker.swift; sourceTree = "<group>"; };
		14AA01052F90000000000005 /* ZipDocumentExtractorProtocol.swift */ = {isa = PBXFileReference; lastKnownFileType = sourcecode.swift; path = ZipDocumentExtractorProtocol.swift; sourceTree = "<group>"; };
		14AA01062F90000000000006 /* ZipDocumentExtractor.swift */ = {isa = PBXFileReference; lastKnownFileType = sourcecode.swift; path = ZipDocumentExtractor.swift; sourceTree = "<group>"; };
		14AA01072F90000000000007 /* RAGIndexingError.swift */ = {isa = PBXFileReference; lastKnownFileType = sourcecode.swift; path = RAGIndexingError.swift; sourceTree = "<group>"; };
		14AA01082F90000000000008 /* DocumentIndexingServiceProtocol.swift */ = {isa = PBXFileReference; lastKnownFileType = sourcecode.swift; path = DocumentIndexingServiceProtocol.swift; sourceTree = "<group>"; };
		14AA01092F90000000000009 /* DocumentIndexingService.swift */ = {isa = PBXFileReference; lastKnownFileType = sourcecode.swift; path = DocumentIndexingService.swift; sourceTree = "<group>"; };
		14AA010A2F9000000000000A /* RAGIndexRepositoryProtocol.swift */ = {isa = PBXFileReference; lastKnownFileType = sourcecode.swift; path = RAGIndexRepositoryProtocol.swift; sourceTree = "<group>"; };
		14AA010B2F9000000000000B /* RAGIndexRepository.swift */ = {isa = PBXFileReference; lastKnownFileType = sourcecode.swift; path = RAGIndexRepository.swift; sourceTree = "<group>"; };
		14AA010C2F9000000000000C /* RAGRetrievalServiceProtocol.swift */ = {isa = PBXFileReference; lastKnownFileType = sourcecode.swift; path = RAGRetrievalServiceProtocol.swift; sourceTree = "<group>"; };
		14AA010D2F9000000000000D /* RAGRetrievalService.swift */ = {isa = PBXFileReference; lastKnownFileType = sourcecode.swift; path = RAGRetrievalService.swift; sourceTree = "<group>"; };
		14AA010E2F9000000000000E /* RAGRelevanceFilteringServiceProtocol.swift */ = {isa = PBXFileReference; lastKnownFileType = sourcecode.swift; path = RAGRelevanceFilteringServiceProtocol.swift; sourceTree = "<group>"; };
		14AA010F2F9000000000000F /* RAGRelevanceFilteringService.swift */ = {isa = PBXFileReference; lastKnownFileType = sourcecode.swift; path = RAGRelevanceFilteringService.swift; sourceTree = "<group>"; };
		14AA01102F90000000000010 /* RAGQueryRewriteServiceProtocol.swift */ = {isa = PBXFileReference; lastKnownFileType = sourcecode.swift; path = RAGQueryRewriteServiceProtocol.swift; sourceTree = "<group>"; };
		14AA01112F90000000000011 /* OllamaRAGQueryRewriteService.swift */ = {isa = PBXFileReference; lastKnownFileType = sourcecode.swift; path = OllamaRAGQueryRewriteService.swift; sourceTree = "<group>"; };
		14AA01122F90000000000012 /* RAGAnswerValidationServiceProtocol.swift */ = {isa = PBXFileReference; lastKnownFileType = sourcecode.swift; path = RAGAnswerValidationServiceProtocol.swift; sourceTree = "<group>"; };
		14AA01132F90000000000013 /* RAGAnswerValidationService.swift */ = {isa = PBXFileReference; lastKnownFileType = sourcecode.swift; path = RAGAnswerValidationService.swift; sourceTree = "<group>"; };
		14AA01142F90000000000014 /* RAGEvaluationQuestionRepositoryProtocol.swift */ = {isa = PBXFileReference; lastKnownFileType = sourcecode.swift; path = RAGEvaluationQuestionRepositoryProtocol.swift; sourceTree = "<group>"; };
		14AA01152F90000000000015 /* MarkdownRAGEvaluationQuestionRepository.swift */ = {isa = PBXFileReference; lastKnownFileType = sourcecode.swift; path = MarkdownRAGEvaluationQuestionRepository.swift; sourceTree = "<group>"; };
		14AA01162F90000000000016 /* RAGEvaluationServiceProtocol.swift */ = {isa = PBXFileReference; lastKnownFileType = sourcecode.swift; path = RAGEvaluationServiceProtocol.swift; sourceTree = "<group>"; };
		14AA01172F90000000000017 /* RAGEvaluationService.swift */ = {isa = PBXFileReference; lastKnownFileType = sourcecode.swift; path = RAGEvaluationService.swift; sourceTree = "<group>"; };
		14AA01182F90000000000018 /* RAGTaskMemoryServiceProtocol.swift */ = {isa = PBXFileReference; lastKnownFileType = sourcecode.swift; path = RAGTaskMemoryServiceProtocol.swift; sourceTree = "<group>"; };
		14AA01192F90000000000019 /* RAGTaskMemoryService.swift */ = {isa = PBXFileReference; lastKnownFileType = sourcecode.swift; path = RAGTaskMemoryService.swift; sourceTree = "<group>"; };
		14AA011A2F9000000000001A /* RAGMiniChatScenarioRepositoryProtocol.swift */ = {isa = PBXFileReference; lastKnownFileType = sourcecode.swift; path = RAGMiniChatScenarioRepositoryProtocol.swift; sourceTree = "<group>"; };
		14AA011B2F9000000000001B /* DefaultRAGMiniChatScenarioRepository.swift */ = {isa = PBXFileReference; lastKnownFileType = sourcecode.swift; path = DefaultRAGMiniChatScenarioRepository.swift; sourceTree = "<group>"; };
		14AA011C2F9000000000001C /* RAGMiniChatScenarioEvaluationServiceProtocol.swift */ = {isa = PBXFileReference; lastKnownFileType = sourcecode.swift; path = RAGMiniChatScenarioEvaluationServiceProtocol.swift; sourceTree = "<group>"; };
		14AA011D2F9000000000001D /* RAGMiniChatScenarioEvaluationService.swift */ = {isa = PBXFileReference; lastKnownFileType = sourcecode.swift; path = RAGMiniChatScenarioEvaluationService.swift; sourceTree = "<group>"; };
		14AA01202F90000000000020 /* LocalHashedEmbeddingServiceProtocol.swift */ = {isa = PBXFileReference; lastKnownFileType = sourcecode.swift; path = LocalHashedEmbeddingServiceProtocol.swift; sourceTree = "<group>"; };
		14AA01212F90000000000021 /* LocalHashedEmbeddingService.swift */ = {isa = PBXFileReference; lastKnownFileType = sourcecode.swift; path = LocalHashedEmbeddingService.swift; sourceTree = "<group>"; };
		14AA01222F90000000000022 /* RAGEmbeddingExecutionModeServiceProtocol.swift */ = {isa = PBXFileReference; lastKnownFileType = sourcecode.swift; path = RAGEmbeddingExecutionModeServiceProtocol.swift; sourceTree = "<group>"; };
		14AA01232F90000000000023 /* RAGEmbeddingExecutionModeService.swift */ = {isa = PBXFileReference; lastKnownFileType = sourcecode.swift; path = RAGEmbeddingExecutionModeService.swift; sourceTree = "<group>"; };
		14AA01242F90000000000024 /* AdaptiveEmbeddingServiceProtocol.swift */ = {isa = PBXFileReference; lastKnownFileType = sourcecode.swift; path = AdaptiveEmbeddingServiceProtocol.swift; sourceTree = "<group>"; };
		14AA01252F90000000000025 /* AdaptiveEmbeddingService.swift */ = {isa = PBXFileReference; lastKnownFileType = sourcecode.swift; path = AdaptiveEmbeddingService.swift; sourceTree = "<group>"; };
		14AA01262F90000000000026 /* RAGMCPClient.swift */ = {isa = PBXFileReference; lastKnownFileType = sourcecode.swift; path = RAGMCPClient.swift; sourceTree = "<group>"; };
/* End PBXFileReference section */

/* Begin PBXFileSystemSynchronizedBuildFileExceptionSet section */
		13BD3AB02F844AE70059C0A5 /* Exceptions for "AIChallenge" folder in "AIChallenge" target */ = {
			isa = PBXFileSystemSynchronizedBuildFileExceptionSet;
			membershipExceptions = (
				Info.plist,
			);
			target = 133DA6ED2F682BFA00F8AE82 /* AIChallenge */;
		};
/* End PBXFileSystemSynchronizedBuildFileExceptionSet section */

/* Begin PBXFileSystemSynchronizedRootGroup section */
		133DA6F02F682BFA00F8AE82 /* AIChallenge */ = {
			isa = PBXFileSystemSynchronizedRootGroup;
			exceptions = (
				13BD3AB02F844AE70059C0A5 /* Exceptions for "AIChallenge" folder in "AIChallenge" target */,
			);
			path = AIChallenge;
			sourceTree = "<group>";
		};
		133DA6FE2F682BFE00F8AE82 /* AIChallengeTests */ = {
			isa = PBXFileSystemSynchronizedRootGroup;
			path = AIChallengeTests;
			sourceTree = "<group>";
		};
		133DA7082F682BFE00F8AE82 /* AIChallengeUITests */ = {
			isa = PBXFileSystemSynchronizedRootGroup;
			path = AIChallengeUITests;
			sourceTree = "<group>";
		};
/* End PBXFileSystemSynchronizedRootGroup section */

/* Begin PBXFrameworksBuildPhase section */
		133DA6EB2F682BFA00F8AE82 /* Frameworks */ = {
			isa = PBXFrameworksBuildPhase;
			buildActionMask = 2147483647;
			files = (
				1305B23A2F75B405009A2D6C /* GRDB in Frameworks */,
				15CC10012FA0000000000001 /* LlamaCppBridge in Frameworks */,
				13BD3AA92F84469F0059C0A5 /* MCP in Frameworks */,
				14AA04032F90000000000003 /* ZIPFoundation in Frameworks */,
			);
			runOnlyForDeploymentPostprocessing = 0;
		};
		133DA6F82F682BFE00F8AE82 /* Frameworks */ = {
			isa = PBXFrameworksBuildPhase;
			buildActionMask = 2147483647;
			files = (
			);
			runOnlyForDeploymentPostprocessing = 0;
		};
		133DA7022F682BFE00F8AE82 /* Frameworks */ = {
			isa = PBXFrameworksBuildPhase;
			buildActionMask = 2147483647;
			files = (
			);
			runOnlyForDeploymentPostprocessing = 0;
		};
/* End PBXFrameworksBuildPhase section */

/* Begin PBXGroup section */
		1305B1FD2F7085C1009A2D6C /* agents */ = {
			isa = PBXGroup;
			children = (
				133DA7272F684D1A00F8AE82 /* LLMAgentProtocol.swift */,
				1305B1FE2F7085CF009A2D6C /* OllamaAgent.swift */,
				1305B2142F71C775009A2D6C /* OpenRouterAgent.swift */,
			);
			path = agents;
			sourceTree = "<group>";
		};
		1305B2062F71B094009A2D6C /* extensions */ = {
			isa = PBXGroup;
			children = (
				1305B2072F71B0A8009A2D6C /* Notification+ext.swift */,
			);
			path = extensions;
			sourceTree = "<group>";
		};
		1305B21C2F7315E7009A2D6C /* modifiers */ = {
			isa = PBXGroup;
			children = (
				1305B21D2F731607009A2D6C /* HiddenModifier.swift */,
			);
			path = modifiers;
			sourceTree = "<group>";
		};
		1305B22B2F75AEC7009A2D6C /* repositories */ = {
			isa = PBXGroup;
			children = (
				14AA03032F90000000000003 /* rag */,
				13BD3A7B2F82C1150059C0A5 /* invariant */,
				13BD3A6C2F82B2D50059C0A5 /* taskcontext */,
				13BD3A532F7F00670059C0A5 /* userprofile */,
				13BD3A432F7EE5B30059C0A5 /* longtermmemory */,
				13BD3A3E2F7EE53F0059C0A5 /* workingmemory */,
				1305B22C2F75AED8009A2D6C /* message */,
			);
			path = repositories;
			sourceTree = "<group>";
		};
		1305B22C2F75AED8009A2D6C /* message */ = {
			isa = PBXGroup;
			children = (
				1305B22D2F75AEF0009A2D6C /* MessageRepository.swift */,
				1305B22F2F75AEFB009A2D6C /* MessageRepositoryProtocol.swift */,
			);
			path = message;
			sourceTree = "<group>";
		};
		1305B2312F75AFB2009A2D6C /* db */ = {
			isa = PBXGroup;
			children = (
				1305B23D2F75B58A009A2D6C /* SQLiteDB.swift */,
			);
			path = db;
			sourceTree = "<group>";
		};
		1305B2322F75AFCA009A2D6C /* services */ = {
			isa = PBXGroup;
			children = (
				14AA03022F90000000000002 /* rag */,
				13DD3A732F8977B400CBB182 /* mcporchestrator */,
				13DD3A4F2F881B2500CBB182 /* polling */,
				13DD3A482F86D07F00CBB182 /* planning */,
				13BD3AB12F844B3F0059C0A5 /* mcp */,
				13BD3AAC2F84494C0059C0A5 /* github */,
				13BD3A802F82C2140059C0A5 /* invariant */,
				13BD3A712F82B3800059C0A5 /* taskcontext */,
				13BD3A582F7F01020059C0A5 /* userprofile */,
				13BD3A482F7EE66F0059C0A5 /* memory */,
			);
			path = services;
			sourceTree = "<group>";
		};
		133DA6E52F682BFA00F8AE82 = {
			isa = PBXGroup;
			children = (
				13DD3A6A2F8975CC00CBB182 /* error */,
				13BD3A762F82C0640059C0A5 /* support */,
				13BD3A372F7E47A40059C0A5 /* strategy */,
				1305B2312F75AFB2009A2D6C /* db */,
				1305B22B2F75AEC7009A2D6C /* repositories */,
				1305B2322F75AFCA009A2D6C /* services */,
				1305B21C2F7315E7009A2D6C /* modifiers */,
				1305B2062F71B094009A2D6C /* extensions */,
				1305B1FD2F7085C1009A2D6C /* agents */,
				133DA7292F684F3500F8AE82 /* entities */,
				133DA71E2F682D8600F8AE82 /* app */,
				133DA71D2F682D5500F8AE82 /* resources */,
				133DA7182F682C4500F8AE82 /* lib */,
				133DA6F02F682BFA00F8AE82 /* AIChallenge */,
				133DA6FE2F682BFE00F8AE82 /* AIChallengeTests */,
				133DA7082F682BFE00F8AE82 /* AIChallengeUITests */,
				133DA6EF2F682BFA00F8AE82 /* Products */,
			);
			sourceTree = "<group>";
		};
		133DA6EF2F682BFA00F8AE82 /* Products */ = {
			isa = PBXGroup;
			children = (
				133DA6EE2F682BFA00F8AE82 /* AIChallenge.app */,
				133DA6FB2F682BFE00F8AE82 /* AIChallengeTests.xctest */,
				133DA7052F682BFE00F8AE82 /* AIChallengeUITests.xctest */,
			);
			name = Products;
			sourceTree = "<group>";
		};
		133DA7182F682C4500F8AE82 /* lib */ = {
			isa = PBXGroup;
			children = (
				133DA7192F682C6300F8AE82 /* Constants.swift */,
				133DA7222F684C7600F8AE82 /* OllamaStreamer.swift */,
				1305B2122F71C6B0009A2D6C /* OpenRouterStreamer.swift */,
				1305B2162F7309F6009A2D6C /* OptionsBuilder.swift */,
				13BD3A6A2F82B29E0059C0A5 /* TaskPromptBuilder.swift */,
			);
			path = lib;
			sourceTree = "<group>";
		};
		133DA71D2F682D5500F8AE82 /* resources */ = {
			isa = PBXGroup;
			children = (
				133DA6F52F682BFE00F8AE82 /* Assets.xcassets */,
			);
			path = resources;
			sourceTree = "<group>";
		};
		133DA71E2F682D8600F8AE82 /* app */ = {
			isa = PBXGroup;
			children = (
				133DA6F12F682BFA00F8AE82 /* AIChallengeApp.swift */,
			);
			path = app;
			sourceTree = "<group>";
		};
		133DA7292F684F3500F8AE82 /* entities */ = {
			isa = PBXGroup;
			children = (
				14AA03012F90000000000001 /* rag */,
				13BD3A332F7E46E40059C0A5 /* ContextStrategy.swift */,
				13BD3A792F82C0ED0059C0A5 /* Invariant.swift */,
				13BD3A832F82C2480059C0A5 /* InvariantValidationResult.swift */,
				1305B2182F730A2B009A2D6C /* LLMOptions.swift */,
				1305B21A2F730BE0009A2D6C /* LLMProvider.swift */,
				133DA72A2F684F5F00F8AE82 /* LLMURL.swift */,
				13BD3A4D2F7EE7070059C0A5 /* LongTermMemoryItem.swift */,
				13DD3A712F89779200CBB182 /* MCPOrchestrationResult.swift */,
				13DD3A6F2F89777A00CBB182 /* MCPPlannedToolCall.swift */,
				13DD3A602F89608800CBB182 /* MCPServer.swift */,
				13BD3AAA2F8448960059C0A5 /* MCPServerConfig.swift */,
				13DD3A682F89758500CBB182 /* MCPServerDescriptor.swift */,
				1305B2002F70885F009A2D6C /* Message.swift */,
				1305B1FB2F7081CE009A2D6C /* MessageRole.swift */,
				1305B2022F709919009A2D6C /* OllamaChunk.swift */,
				13BD3A8D2F82DBA30059C0A5 /* OllamaChunk+Mock.swift */,
				1305B2042F71A2A6009A2D6C /* OllamaModel.swift */,
				1305B2102F71B707009A2D6C /* OllamaPreset.swift */,
				13DD3A662F89611100CBB182 /* RoutedTool.swift */,
				13DD3A572F8820BA00CBB182 /* ScheduledJob.swift */,
				13BD3A662F82B20C0059C0A5 /* TaskContext.swift */,
				13BD3A872F82D9520059C0A5 /* TaskPhase.swift */,
				13BD3A892F82D9700059C0A5 /* TaskRunStatus.swift */,
				13BD3A682F82B2360059C0A5 /* TaskStateMachine.swift */,
				13BD3A8B2F82D9B40059C0A5 /* TaskTransitionError.swift */,
				13DD3A4D2F86D0EF00CBB182 /* ToolInvocationPlan.swift */,
				13BD3A512F7EFFFB0059C0A5 /* UserProfile.swift */,
				13BD3A4B2F7EE6F40059C0A5 /* WorkingMemoryItem.swift */,
			);
			path = entities;
			sourceTree = "<group>";
		};
		13BD3A372F7E47A40059C0A5 /* strategy */ = {
			isa = PBXGroup;
			children = (
				13BD3A352F7E47850059C0A5 /* ContextStrategyProtocol.swift */,
				13BD3A382F7E47B90059C0A5 /* SlidingWindowStrategy.swift */,
				13BD3A3A2F7E47CA0059C0A5 /* FactsStrategy.swift */,
				13BD3A3C2F7E47F20059C0A5 /* BranchingStrategy.swift */,
			);
			path = strategy;
			sourceTree = "<group>";
		};
		13BD3A3E2F7EE53F0059C0A5 /* workingmemory */ = {
			isa = PBXGroup;
			children = (
				13BD3A3F2F7EE55F0059C0A5 /* WorkingMemoryRepositoryProtocol.swift */,
				13BD3A412F7EE5750059C0A5 /* WorkingMemoryRepository.swift */,
			);
			path = workingmemory;
			sourceTree = "<group>";
		};
		13BD3A432F7EE5B30059C0A5 /* longtermmemory */ = {
			isa = PBXGroup;
			children = (
				13BD3A442F7EE5CD0059C0A5 /* LongTermMemoryRepositoryProtocol.swift */,
				13BD3A462F7EE5F90059C0A5 /* LongTermMemoryRepository.swift */,
			);
			path = longtermmemory;
			sourceTree = "<group>";
		};
		13BD3A482F7EE66F0059C0A5 /* memory */ = {
			isa = PBXGroup;
			children = (
				13BD3A492F7EE6810059C0A5 /* MemoryService.swift */,
				13BD3A4F2F7EE7AC0059C0A5 /* MemoryServiceProtocol.swift */,
			);
			path = memory;
			sourceTree = "<group>";
		};
		13BD3A532F7F00670059C0A5 /* userprofile */ = {
			isa = PBXGroup;
			children = (
				13BD3A542F7F00730059C0A5 /* UserProfileRepositoryProtocol.swift */,
				13BD3A562F7F00840059C0A5 /* UserProfileRepository.swift */,
			);
			path = userprofile;
			sourceTree = "<group>";
		};
		13BD3A582F7F01020059C0A5 /* userprofile */ = {
			isa = PBXGroup;
			children = (
				13BD3A592F7F01110059C0A5 /* UserProfileServiceProtocol.swift */,
				13BD3A5B2F7F01190059C0A5 /* UserProfileService.swift */,
			);
			path = userprofile;
			sourceTree = "<group>";
		};
		13BD3A6C2F82B2D50059C0A5 /* taskcontext */ = {
			isa = PBXGroup;
			children = (
				13BD3A6D2F82B2E90059C0A5 /* TaskContextRepositoryProtocol.swift */,
				13BD3A6F2F82B30E0059C0A5 /* TaskContextRepository.swift */,
			);
			path = taskcontext;
			sourceTree = "<group>";
		};
		13BD3A712F82B3800059C0A5 /* taskcontext */ = {
			isa = PBXGroup;
			children = (
				13BD3A722F82B38F0059C0A5 /* TaskContextServiceProtocol.swift */,
				13BD3A742F82B3BF0059C0A5 /* TaskContextService.swift */,
			);
			path = taskcontext;
			sourceTree = "<group>";
		};
		13BD3A762F82C0640059C0A5 /* support */ = {
			isa = PBXGroup;
			children = (
				13DD3BBD2F8FE20500CBB182 /* rag-evaluation.md */,
				13BD3A772F82C0A60059C0A5 /* invariants.md */,
				13BD3AC12F8574EF0059C0A5 /* Claude.md */,
			);
			path = support;
			sourceTree = "<group>";
		};
		13BD3A7B2F82C1150059C0A5 /* invariant */ = {
			isa = PBXGroup;
			children = (
				13BD3A7C2F82C1250059C0A5 /* InvariantRepositoryProtocol.swift */,
				13BD3A7E2F82C1410059C0A5 /* MarkdownInvariantRepository.swift */,
			);
			path = invariant;
			sourceTree = "<group>";
		};
		13BD3A802F82C2140059C0A5 /* invariant */ = {
			isa = PBXGroup;
			children = (
				13BD3A812F82C2230059C0A5 /* InvariantServiceProtocol.swift */,
				13BD3A852F82C2680059C0A5 /* InvariantService.swift */,
			);
			path = invariant;
			sourceTree = "<group>";
		};
		13BD3AAC2F84494C0059C0A5 /* github */ = {
			isa = PBXGroup;
			children = (
				13BD3AAD2F84495A0059C0A5 /* GitHubMCPOAuthDelegate.swift */,
				13BD3AB92F8457140059C0A5 /* GitHubMCPpatClient.swift */,
			);
			path = github;
			sourceTree = "<group>";
		};
		13BD3AB12F844B3F0059C0A5 /* mcp */ = {
			isa = PBXGroup;
			children = (
				13BD3AB22F844B4D0059C0A5 /* MCPClientService.swift */,
				13DD3A622F8960CA00CBB182 /* MCPServerRegistry.swift */,
				13DD3A782F91000100CBB182 /* LocalPathPrivacy.swift */,
				13DD3A442F86CA7300CBB182 /* MCPToolExecutor.swift */,
				13DD3A462F86CAC900CBB182 /* MCPToolExecutorProtocol.swift */,
				13DD3A642F89610200CBB182 /* MCPToolRouter.swift */,
			);
			path = mcp;
			sourceTree = "<group>";
		};
		13DD3A482F86D07F00CBB182 /* planning */ = {
			isa = PBXGroup;
			children = (
				13DD3A492F86D09100CBB182 /* DefaultToolPlanner.swift */,
				13DD3A4B2F86D0B600CBB182 /* ToolPlanningProtocol.swift */,
			);
			path = planning;
			sourceTree = "<group>";
		};
		13DD3A4F2F881B2500CBB182 /* polling */ = {
			isa = PBXGroup;
			children = (
				13DD3A502F881B3400CBB182 /* SummaryPollingService.swift */,
			);
			path = polling;
			sourceTree = "<group>";
		};
		13DD3A6A2F8975CC00CBB182 /* error */ = {
			isa = PBXGroup;
			children = (
				13DD3A6B2F8975DA00CBB182 /* MCPToolRouterError.swift */,
			);
			path = error;
			sourceTree = "<group>";
		};
		13DD3A732F8977B400CBB182 /* mcporchestrator */ = {
			isa = PBXGroup;
			children = (
				13DD3A742F8977CC00CBB182 /* MCPOrchestratorProtocol.swift */,
				13DD3A762F8977E700CBB182 /* MCPOrchestrator.swift */,
			);
			path = mcporchestrator;
			sourceTree = "<group>";
		};
		14AA03012F90000000000001 /* rag */ = {
			isa = PBXGroup;
			children = (
				14AA01012F90000000000001 /* RAGModels.swift */,
				14AA01072F90000000000007 /* RAGIndexingError.swift */,
			);
			path = rag;
			sourceTree = "<group>";
		};
		14AA03022F90000000000002 /* rag */ = {
			isa = PBXGroup;
			children = (
				14AA01082F90000000000008 /* DocumentIndexingServiceProtocol.swift */,
				14AA01092F90000000000009 /* DocumentIndexingService.swift */,
				14AA010C2F9000000000000C /* RAGRetrievalServiceProtocol.swift */,
				14AA010D2F9000000000000D /* RAGRetrievalService.swift */,
				14AA010E2F9000000000000E /* RAGRelevanceFilteringServiceProtocol.swift */,
				14AA010F2F9000000000000F /* RAGRelevanceFilteringService.swift */,
				14AA01102F90000000000010 /* RAGQueryRewriteServiceProtocol.swift */,
				14AA01112F90000000000011 /* OllamaRAGQueryRewriteService.swift */,
				14AA01122F90000000000012 /* RAGAnswerValidationServiceProtocol.swift */,
				14AA01132F90000000000013 /* RAGAnswerValidationService.swift */,
				14AA01142F90000000000014 /* RAGEvaluationQuestionRepositoryProtocol.swift */,
				14AA01152F90000000000015 /* MarkdownRAGEvaluationQuestionRepository.swift */,
				14AA01162F90000000000016 /* RAGEvaluationServiceProtocol.swift */,
				14AA01172F90000000000017 /* RAGEvaluationService.swift */,
				14AA01182F90000000000018 /* RAGTaskMemoryServiceProtocol.swift */,
				14AA01192F90000000000019 /* RAGTaskMemoryService.swift */,
				14AA011A2F9000000000001A /* RAGMiniChatScenarioRepositoryProtocol.swift */,
				14AA011B2F9000000000001B /* DefaultRAGMiniChatScenarioRepository.swift */,
				14AA011C2F9000000000001C /* RAGMiniChatScenarioEvaluationServiceProtocol.swift */,
				14AA011D2F9000000000001D /* RAGMiniChatScenarioEvaluationService.swift */,
				14AA01022F90000000000002 /* EmbeddingServiceProtocol.swift */,
				14AA01032F90000000000003 /* OllamaEmbeddingService.swift */,
				14AA01202F90000000000020 /* LocalHashedEmbeddingServiceProtocol.swift */,
				14AA01212F90000000000021 /* LocalHashedEmbeddingService.swift */,
				14AA01222F90000000000022 /* RAGEmbeddingExecutionModeServiceProtocol.swift */,
				14AA01232F90000000000023 /* RAGEmbeddingExecutionModeService.swift */,
				14AA01242F90000000000024 /* AdaptiveEmbeddingServiceProtocol.swift */,
				14AA01252F90000000000025 /* AdaptiveEmbeddingService.swift */,
				14AA01262F90000000000026 /* RAGMCPClient.swift */,
				14AA01042F90000000000004 /* RAGChunker.swift */,
				14AA01052F90000000000005 /* ZipDocumentExtractorProtocol.swift */,
				14AA01062F90000000000006 /* ZipDocumentExtractor.swift */,
			);
			path = rag;
			sourceTree = "<group>";
		};
		14AA03032F90000000000003 /* rag */ = {
			isa = PBXGroup;
			children = (
				14AA010A2F9000000000000A /* RAGIndexRepositoryProtocol.swift */,
				14AA010B2F9000000000000B /* RAGIndexRepository.swift */,
			);
			path = rag;
			sourceTree = "<group>";
		};
/* End PBXGroup section */

/* Begin PBXNativeTarget section */
		133DA6ED2F682BFA00F8AE82 /* AIChallenge */ = {
			isa = PBXNativeTarget;
			buildConfigurationList = 133DA70F2F682BFE00F8AE82 /* Build configuration list for PBXNativeTarget "AIChallenge" */;
			buildPhases = (
				133DA6EA2F682BFA00F8AE82 /* Sources */,
				133DA6EB2F682BFA00F8AE82 /* Frameworks */,
				133DA6EC2F682BFA00F8AE82 /* Resources */,
			);
			buildRules = (
			);
			dependencies = (
			);
			fileSystemSynchronizedGroups = (
				133DA6F02F682BFA00F8AE82 /* AIChallenge */,
			);
			name = AIChallenge;
			packageProductDependencies = (
				1305B2392F75B405009A2D6C /* GRDB */,
				15CC10032FA0000000000003 /* LlamaCppBridge */,
				13BD3AA82F84469F0059C0A5 /* MCP */,
				14AA04022F90000000000002 /* ZIPFoundation */,
			);
			productName = AIChallenge;
			productReference = 133DA6EE2F682BFA00F8AE82 /* AIChallenge.app */;
			productType = "com.apple.product-type.application";
		};
		133DA6FA2F682BFE00F8AE82 /* AIChallengeTests */ = {
			isa = PBXNativeTarget;
			buildConfigurationList = 133DA7122F682BFE00F8AE82 /* Build configuration list for PBXNativeTarget "AIChallengeTests" */;
			buildPhases = (
				133DA6F72F682BFE00F8AE82 /* Sources */,
				133DA6F82F682BFE00F8AE82 /* Frameworks */,
				133DA6F92F682BFE00F8AE82 /* Resources */,
			);
			buildRules = (
			);
			dependencies = (
				133DA6FD2F682BFE00F8AE82 /* PBXTargetDependency */,
			);
			fileSystemSynchronizedGroups = (
				133DA6FE2F682BFE00F8AE82 /* AIChallengeTests */,
			);
			name = AIChallengeTests;
			packageProductDependencies = (
			);
			productName = AIChallengeTests;
			productReference = 133DA6FB2F682BFE00F8AE82 /* AIChallengeTests.xctest */;
			productType = "com.apple.product-type.bundle.unit-test";
		};
		133DA7042F682BFE00F8AE82 /* AIChallengeUITests */ = {
			isa = PBXNativeTarget;
			buildConfigurationList = 133DA7152F682BFE00F8AE82 /* Build configuration list for PBXNativeTarget "AIChallengeUITests" */;
			buildPhases = (
				133DA7012F682BFE00F8AE82 /* Sources */,
				133DA7022F682BFE00F8AE82 /* Frameworks */,
				133DA7032F682BFE00F8AE82 /* Resources */,
			);
			buildRules = (
			);
			dependencies = (
				133DA7072F682BFE00F8AE82 /* PBXTargetDependency */,
			);
			fileSystemSynchronizedGroups = (
				133DA7082F682BFE00F8AE82 /* AIChallengeUITests */,
			);
			name = AIChallengeUITests;
			packageProductDependencies = (
			);
			productName = AIChallengeUITests;
			productReference = 133DA7052F682BFE00F8AE82 /* AIChallengeUITests.xctest */;
			productType = "com.apple.product-type.bundle.ui-testing";
		};
/* End PBXNativeTarget section */

/* Begin PBXProject section */
		133DA6E62F682BFA00F8AE82 /* Project object */ = {
			isa = PBXProject;
			attributes = {
				BuildIndependentTargetsInParallel = 1;
				LastSwiftUpdateCheck = 2630;
				LastUpgradeCheck = 2630;
				TargetAttributes = {
					133DA6ED2F682BFA00F8AE82 = {
						CreatedOnToolsVersion = 26.3;
					};
					133DA6FA2F682BFE00F8AE82 = {
						CreatedOnToolsVersion = 26.3;
						TestTargetID = 133DA6ED2F682BFA00F8AE82;
					};
					133DA7042F682BFE00F8AE82 = {
						CreatedOnToolsVersion = 26.3;
						TestTargetID = 133DA6ED2F682BFA00F8AE82;
					};
				};
			};
			buildConfigurationList = 133DA6E92F682BFA00F8AE82 /* Build configuration list for PBXProject "AIChallenge" */;
			developmentRegion = en;
			hasScannedForEncodings = 0;
			knownRegions = (
				en,
				Base,
			);
			mainGroup = 133DA6E52F682BFA00F8AE82;
			minimizedProjectReferenceProxies = 1;
			packageReferences = (
				1305B2382F75B405009A2D6C /* XCRemoteSwiftPackageReference "GRDB" */,
				15CC10022FA0000000000002 /* XCLocalSwiftPackageReference "Packages/LlamaCppBridge" */,
				13BD3AA72F84469F0059C0A5 /* XCRemoteSwiftPackageReference "swift-sdk" */,
				14AA04012F90000000000001 /* XCRemoteSwiftPackageReference "ZIPFoundation" */,
			);
			preferredProjectObjectVersion = 77;
			productRefGroup = 133DA6EF2F682BFA00F8AE82 /* Products */;
			projectDirPath = "";
			projectRoot = "";
			targets = (
				133DA6ED2F682BFA00F8AE82 /* AIChallenge */,
				133DA6FA2F682BFE00F8AE82 /* AIChallengeTests */,
				133DA7042F682BFE00F8AE82 /* AIChallengeUITests */,
			);
		};
/* End PBXProject section */

/* Begin PBXResourcesBuildPhase section */
		133DA6EC2F682BFA00F8AE82 /* Resources */ = {
			isa = PBXResourcesBuildPhase;
			buildActionMask = 2147483647;
			files = (
				133DA6F62F682BFE00F8AE82 /* Assets.xcassets in Resources */,
				13BD3AC22F8574EF0059C0A5 /* Claude.md in Resources */,
				13BD3A782F82C0A60059C0A5 /* invariants.md in Resources */,
				13DD3BBE2F8FE20500CBB182 /* rag-evaluation.md in Resources */,
			);
			runOnlyForDeploymentPostprocessing = 0;
		};
		133DA6F92F682BFE00F8AE82 /* Resources */ = {
			isa = PBXResourcesBuildPhase;
			buildActionMask = 2147483647;
			files = (
			);
			runOnlyForDeploymentPostprocessing = 0;
		};
		133DA7032F682BFE00F8AE82 /* Resources */ = {
			isa = PBXResourcesBuildPhase;
			buildActionMask = 2147483647;
			files = (
			);
			runOnlyForDeploymentPostprocessing = 0;
		};
/* End PBXResourcesBuildPhase section */

/* Begin PBXSourcesBuildPhase section */
		133DA6EA2F682BFA00F8AE82 /* Sources */ = {
			isa = PBXSourcesBuildPhase;
			buildActionMask = 2147483647;
			files = (
				13BD3A572F7F00840059C0A5 /* UserProfileRepository.swift in Sources */,
				1305B2132F71C6B0009A2D6C /* OpenRouterStreamer.swift in Sources */,
				13BD3A862F82C2680059C0A5 /* InvariantService.swift in Sources */,
				13BD3A392F7E47B90059C0A5 /* SlidingWindowStrategy.swift in Sources */,
				13BD3A422F7EE5750059C0A5 /* WorkingMemoryRepository.swift in Sources */,
				133DA7282F684D1A00F8AE82 /* LLMAgentProtocol.swift in Sources */,
				13BD3A6B2F82B29E0059C0A5 /* TaskPromptBuilder.swift in Sources */,
				13BD3A452F7EE5CD0059C0A5 /* LongTermMemoryRepositoryProtocol.swift in Sources */,
				13BD3A692F82B2360059C0A5 /* TaskStateMachine.swift in Sources */,
				13BD3A502F7EE7AC0059C0A5 /* MemoryServiceProtocol.swift in Sources */,
				13BD3A7F2F82C1410059C0A5 /* MarkdownInvariantRepository.swift in Sources */,
				1305B1FC2F7081CE009A2D6C /* MessageRole.swift in Sources */,
				13BD3A8C2F82D9B40059C0A5 /* TaskTransitionError.swift in Sources */,
				13DD3A772F8977E700CBB182 /* MCPOrchestrator.swift in Sources */,
				14AA020A2F9000000000000A /* RAGIndexRepositoryProtocol.swift in Sources */,
				14AA020C2F9000000000000C /* RAGRetrievalServiceProtocol.swift in Sources */,
				14AA02102F90000000000010 /* RAGQueryRewriteServiceProtocol.swift in Sources */,
				13DD3A472F86CAC900CBB182 /* MCPToolExecutorProtocol.swift in Sources */,
				13BD3A4C2F7EE6F40059C0A5 /* WorkingMemoryItem.swift in Sources */,
				13BD3A3D2F7E47F20059C0A5 /* BranchingStrategy.swift in Sources */,
				14AA02062F90000000000006 /* ZipDocumentExtractor.swift in Sources */,
				1305B2052F71A2A6009A2D6C /* OllamaModel.swift in Sources */,
				1305B22E2F75AEF0009A2D6C /* MessageRepository.swift in Sources */,
				13BD3A362F7E47850059C0A5 /* ContextStrategyProtocol.swift in Sources */,
				13DD3A632F8960CA00CBB182 /* MCPServerRegistry.swift in Sources */,
				13DD3A792F91000100CBB182 /* LocalPathPrivacy.swift in Sources */,
				13BD3A672F82B20C0059C0A5 /* TaskContext.swift in Sources */,
				14AA02082F90000000000008 /* DocumentIndexingServiceProtocol.swift in Sources */,
				13BD3A4A2F7EE6810059C0A5 /* MemoryService.swift in Sources */,
				1305B2112F71B707009A2D6C /* OllamaPreset.swift in Sources */,
				13BD3A8E2F82DBA30059C0A5 /* OllamaChunk+Mock.swift in Sources */,
				13DD3A452F86CA7300CBB182 /* MCPToolExecutor.swift in Sources */,
				13DD3A612F89608800CBB182 /* MCPServer.swift in Sources */,
				14AA02042F90000000000004 /* RAGChunker.swift in Sources */,
				13DD3A4C2F86D0B600CBB182 /* ToolPlanningProtocol.swift in Sources */,
				1305B2192F730A2B009A2D6C /* LLMOptions.swift in Sources */,
				13BD3A522F7EFFFB0059C0A5 /* UserProfile.swift in Sources */,
				1305B21B2F730BE0009A2D6C /* LLMProvider.swift in Sources */,
				13DD3A512F881B3400CBB182 /* SummaryPollingService.swift in Sources */,
				133DA6F22F682BFA00F8AE82 /* AIChallengeApp.swift in Sources */,
				13BD3A5C2F7F01190059C0A5 /* UserProfileService.swift in Sources */,
				13BD3A702F82B30E0059C0A5 /* TaskContextRepository.swift in Sources */,
				13BD3A882F82D9520059C0A5 /* TaskPhase.swift in Sources */,
				13DD3A672F89611100CBB182 /* RoutedTool.swift in Sources */,
				13BD3A342F7E46E40059C0A5 /* ContextStrategy.swift in Sources */,
				14AA02092F90000000000009 /* DocumentIndexingService.swift in Sources */,
				14AA020D2F9000000000000D /* RAGRetrievalService.swift in Sources */,
				14AA020F2F9000000000000F /* RAGRelevanceFilteringService.swift in Sources */,
				14AA02132F90000000000013 /* RAGAnswerValidationService.swift in Sources */,
				14AA02202F90000000000020 /* LocalHashedEmbeddingServiceProtocol.swift in Sources */,
				14AA02212F90000000000021 /* LocalHashedEmbeddingService.swift in Sources */,
				14AA02222F90000000000022 /* RAGEmbeddingExecutionModeServiceProtocol.swift in Sources */,
				14AA02232F90000000000023 /* RAGEmbeddingExecutionModeService.swift in Sources */,
				14AA02242F90000000000024 /* AdaptiveEmbeddingServiceProtocol.swift in Sources */,
				14AA02252F90000000000025 /* AdaptiveEmbeddingService.swift in Sources */,
				14AA02262F90000000000026 /* RAGMCPClient.swift in Sources */,
				14AA02182F90000000000018 /* RAGTaskMemoryServiceProtocol.swift in Sources */,
				14AA02192F90000000000019 /* RAGTaskMemoryService.swift in Sources */,
				13BD3A3B2F7E47CA0059C0A5 /* FactsStrategy.swift in Sources */,
				13DD3A652F89610200CBB182 /* MCPToolRouter.swift in Sources */,
				13BD3A5A2F7F01110059C0A5 /* UserProfileServiceProtocol.swift in Sources */,
				13BD3A552F7F00730059C0A5 /* UserProfileRepositoryProtocol.swift in Sources */,
				13BD3A732F82B38F0059C0A5 /* TaskContextServiceProtocol.swift in Sources */,
				14AA02072F90000000000007 /* RAGIndexingError.swift in Sources */,
				14AA02152F90000000000015 /* MarkdownRAGEvaluationQuestionRepository.swift in Sources */,
				13BD3A402F7EE55F0059C0A5 /* WorkingMemoryRepositoryProtocol.swift in Sources */,
				133DA7232F684C7600F8AE82 /* OllamaStreamer.swift in Sources */,
				14AA02052F90000000000005 /* ZipDocumentExtractorProtocol.swift in Sources */,
				13DD3A4A2F86D09100CBB182 /* DefaultToolPlanner.swift in Sources */,
				1305B2012F70885F009A2D6C /* Message.swift in Sources */,
				1305B2172F7309F6009A2D6C /* OptionsBuilder.swift in Sources */,
				13BD3A472F7EE5F90059C0A5 /* LongTermMemoryRepository.swift in Sources */,
				1305B2082F71B0A8009A2D6C /* Notification+ext.swift in Sources */,
				1305B1FF2F7085CF009A2D6C /* OllamaAgent.swift in Sources */,
				133DA72B2F684F5F00F8AE82 /* LLMURL.swift in Sources */,
				13BD3AB32F844B4D0059C0A5 /* MCPClientService.swift in Sources */,
				13BD3A842F82C2480059C0A5 /* InvariantValidationResult.swift in Sources */,
				13BD3A752F82B3BF0059C0A5 /* TaskContextService.swift in Sources */,
				14AA02022F90000000000002 /* EmbeddingServiceProtocol.swift in Sources */,
				13BD3A7D2F82C1250059C0A5 /* InvariantRepositoryProtocol.swift in Sources */,
				13DD3A722F89779200CBB182 /* MCPOrchestrationResult.swift in Sources */,
				14AA02032F90000000000003 /* OllamaEmbeddingService.swift in Sources */,
				14AA02112F90000000000011 /* OllamaRAGQueryRewriteService.swift in Sources */,
				13BD3A6E2F82B2E90059C0A5 /* TaskContextRepositoryProtocol.swift in Sources */,
				133DA71A2F682C6300F8AE82 /* Constants.swift in Sources */,
				14AA020B2F9000000000000B /* RAGIndexRepository.swift in Sources */,
				14AA02162F90000000000016 /* RAGEvaluationServiceProtocol.swift in Sources */,
				14AA021A2F9000000000001A /* RAGMiniChatScenarioRepositoryProtocol.swift in Sources */,
				14AA021B2F9000000000001B /* DefaultRAGMiniChatScenarioRepository.swift in Sources */,
				13BD3A8A2F82D9700059C0A5 /* TaskRunStatus.swift in Sources */,
				1305B2302F75AEFB009A2D6C /* MessageRepositoryProtocol.swift in Sources */,
				13DD3A692F89758500CBB182 /* MCPServerDescriptor.swift in Sources */,
				13BD3ABA2F8457140059C0A5 /* GitHubMCPpatClient.swift in Sources */,
				13DD3A582F8820BB00CBB182 /* ScheduledJob.swift in Sources */,
				13DD3A752F8977CC00CBB182 /* MCPOrchestratorProtocol.swift in Sources */,
				13DD3A4E2F86D0EF00CBB182 /* ToolInvocationPlan.swift in Sources */,
				1305B2032F709919009A2D6C /* OllamaChunk.swift in Sources */,
				1305B23E2F75B58A009A2D6C /* SQLiteDB.swift in Sources */,
				1305B21E2F731607009A2D6C /* HiddenModifier.swift in Sources */,
				14AA020E2F9000000000000E /* RAGRelevanceFilteringServiceProtocol.swift in Sources */,
				14AA02122F90000000000012 /* RAGAnswerValidationServiceProtocol.swift in Sources */,
				1305B2152F71C775009A2D6C /* OpenRouterAgent.swift in Sources */,
				13DD3A6C2F8975DA00CBB182 /* MCPToolRouterError.swift in Sources */,
				13BD3A822F82C2230059C0A5 /* InvariantServiceProtocol.swift in Sources */,
				13BD3A7A2F82C0ED0059C0A5 /* Invariant.swift in Sources */,
				13BD3AAB2F8448960059C0A5 /* MCPServerConfig.swift in Sources */,
				13DD3A702F89777A00CBB182 /* MCPPlannedToolCall.swift in Sources */,
				14AA02142F90000000000014 /* RAGEvaluationQuestionRepositoryProtocol.swift in Sources */,
				14AA02172F90000000000017 /* RAGEvaluationService.swift in Sources */,
				14AA021C2F9000000000001C /* RAGMiniChatScenarioEvaluationServiceProtocol.swift in Sources */,
				14AA021D2F9000000000001D /* RAGMiniChatScenarioEvaluationService.swift in Sources */,
				13BD3AAE2F84495A0059C0A5 /* GitHubMCPOAuthDelegate.swift in Sources */,
				13BD3A4E2F7EE7070059C0A5 /* LongTermMemoryItem.swift in Sources */,
				14AA02012F90000000000001 /* RAGModels.swift in Sources */,
			);
			runOnlyForDeploymentPostprocessing = 0;
		};
		133DA6F72F682BFE00F8AE82 /* Sources */ = {
			isa = PBXSourcesBuildPhase;
			buildActionMask = 2147483647;
			files = (
			);
			runOnlyForDeploymentPostprocessing = 0;
		};
		133DA7012F682BFE00F8AE82 /* Sources */ = {
			isa = PBXSourcesBuildPhase;
			buildActionMask = 2147483647;
			files = (
			);
			runOnlyForDeploymentPostprocessing = 0;
		};
/* End PBXSourcesBuildPhase section */

/* Begin PBXTargetDependency section */
		133DA6FD2F682BFE00F8AE82 /* PBXTargetDependency */ = {
			isa = PBXTargetDependency;
			target = 133DA6ED2F682BFA00F8AE82 /* AIChallenge */;
			targetProxy = 133DA6FC2F682BFE00F8AE82 /* PBXContainerItemProxy */;
		};
		133DA7072F682BFE00F8AE82 /* PBXTargetDependency */ = {
			isa = PBXTargetDependency;
			target = 133DA6ED2F682BFA00F8AE82 /* AIChallenge */;
			targetProxy = 133DA7062F682BFE00F8AE82 /* PBXContainerItemProxy */;
		};
/* End PBXTargetDependency section */

/* Begin XCBuildConfiguration section */
		133DA70D2F682BFE00F8AE82 /* Debug */ = {
			isa = XCBuildConfiguration;
			buildSettings = {
				ALWAYS_SEARCH_USER_PATHS = NO;
				ASSETCATALOG_COMPILER_GENERATE_SWIFT_ASSET_SYMBOL_EXTENSIONS = YES;
				CLANG_ANALYZER_NONNULL = YES;
				CLANG_ANALYZER_NUMBER_OBJECT_CONVERSION = YES_AGGRESSIVE;
				CLANG_CXX_LANGUAGE_STANDARD = "gnu++20";
				CLANG_ENABLE_MODULES = YES;
				CLANG_ENABLE_OBJC_ARC = YES;
				CLANG_ENABLE_OBJC_WEAK = YES;
				CLANG_WARN_BLOCK_CAPTURE_AUTORELEASING = YES;
				CLANG_WARN_BOOL_CONVERSION = YES;
				CLANG_WARN_COMMA = YES;
				CLANG_WARN_CONSTANT_CONVERSION = YES;
				CLANG_WARN_DEPRECATED_OBJC_IMPLEMENTATIONS = YES;
				CLANG_WARN_DIRECT_OBJC_ISA_USAGE = YES_ERROR;
				CLANG_WARN_DOCUMENTATION_COMMENTS = YES;
				CLANG_WARN_EMPTY_BODY = YES;
				CLANG_WARN_ENUM_CONVERSION = YES;
				CLANG_WARN_INFINITE_RECURSION = YES;
				CLANG_WARN_INT_CONVERSION = YES;
				CLANG_WARN_NON_LITERAL_NULL_CONVERSION = YES;
				CLANG_WARN_OBJC_IMPLICIT_RETAIN_SELF = YES;
				CLANG_WARN_OBJC_LITERAL_CONVERSION = YES;
				CLANG_WARN_OBJC_ROOT_CLASS = YES_ERROR;
				CLANG_WARN_QUOTED_INCLUDE_IN_FRAMEWORK_HEADER = YES;
				CLANG_WARN_RANGE_LOOP_ANALYSIS = YES;
				CLANG_WARN_STRICT_PROTOTYPES = YES;
				CLANG_WARN_SUSPICIOUS_MOVE = YES;
				CLANG_WARN_UNGUARDED_AVAILABILITY = YES_AGGRESSIVE;
				CLANG_WARN_UNREACHABLE_CODE = YES;
				CLANG_WARN__DUPLICATE_METHOD_MATCH = YES;
				COPY_PHASE_STRIP = NO;
				DEBUG_INFORMATION_FORMAT = dwarf;
				DEVELOPMENT_TEAM = Z8JVJD6M2F;
				ENABLE_STRICT_OBJC_MSGSEND = YES;
				ENABLE_TESTABILITY = YES;
				ENABLE_USER_SCRIPT_SANDBOXING = YES;
				GCC_C_LANGUAGE_STANDARD = gnu17;
				GCC_DYNAMIC_NO_PIC = NO;
				GCC_NO_COMMON_BLOCKS = YES;
				GCC_OPTIMIZATION_LEVEL = 0;
				GCC_PREPROCESSOR_DEFINITIONS = (
					"DEBUG=1",
					"$(inherited)",
				);
				GCC_WARN_64_TO_32_BIT_CONVERSION = YES;
				GCC_WARN_ABOUT_RETURN_TYPE = YES_ERROR;
				GCC_WARN_UNDECLARED_SELECTOR = YES;
				GCC_WARN_UNINITIALIZED_AUTOS = YES_AGGRESSIVE;
				GCC_WARN_UNUSED_FUNCTION = YES;
				GCC_WARN_UNUSED_VARIABLE = YES;
				IPHONEOS_DEPLOYMENT_TARGET = 26.2;
				LOCALIZATION_PREFERS_STRING_CATALOGS = YES;
				MTL_ENABLE_DEBUG_INFO = INCLUDE_SOURCE;
				MTL_FAST_MATH = YES;
				ONLY_ACTIVE_ARCH = YES;
				SDKROOT = iphoneos;
				SWIFT_ACTIVE_COMPILATION_CONDITIONS = "DEBUG $(inherited)";
				SWIFT_OPTIMIZATION_LEVEL = "-Onone";
			};
			name = Debug;
		};
		133DA70E2F682BFE00F8AE82 /* Release */ = {
			isa = XCBuildConfiguration;
			buildSettings = {
				ALWAYS_SEARCH_USER_PATHS = NO;
				ASSETCATALOG_COMPILER_GENERATE_SWIFT_ASSET_SYMBOL_EXTENSIONS = YES;
				CLANG_ANALYZER_NONNULL = YES;
				CLANG_ANALYZER_NUMBER_OBJECT_CONVERSION = YES_AGGRESSIVE;
				CLANG_CXX_LANGUAGE_STANDARD = "gnu++20";
				CLANG_ENABLE_MODULES = YES;
				CLANG_ENABLE_OBJC_ARC = YES;
				CLANG_ENABLE_OBJC_WEAK = YES;
				CLANG_WARN_BLOCK_CAPTURE_AUTORELEASING = YES;
				CLANG_WARN_BOOL_CONVERSION = YES;
				CLANG_WARN_COMMA = YES;
				CLANG_WARN_CONSTANT_CONVERSION = YES;
				CLANG_WARN_DEPRECATED_OBJC_IMPLEMENTATIONS = YES;
				CLANG_WARN_DIRECT_OBJC_ISA_USAGE = YES_ERROR;
				CLANG_WARN_DOCUMENTATION_COMMENTS = YES;
				CLANG_WARN_EMPTY_BODY = YES;
				CLANG_WARN_ENUM_CONVERSION = YES;
				CLANG_WARN_INFINITE_RECURSION = YES;
				CLANG_WARN_INT_CONVERSION = YES;
				CLANG_WARN_NON_LITERAL_NULL_CONVERSION = YES;
				CLANG_WARN_OBJC_IMPLICIT_RETAIN_SELF = YES;
				CLANG_WARN_OBJC_LITERAL_CONVERSION = YES;
				CLANG_WARN_OBJC_ROOT_CLASS = YES_ERROR;
				CLANG_WARN_QUOTED_INCLUDE_IN_FRAMEWORK_HEADER = YES;
				CLANG_WARN_RANGE_LOOP_ANALYSIS = YES;
				CLANG_WARN_STRICT_PROTOTYPES = YES;
				CLANG_WARN_SUSPICIOUS_MOVE = YES;
				CLANG_WARN_UNGUARDED_AVAILABILITY = YES_AGGRESSIVE;
				CLANG_WARN_UNREACHABLE_CODE = YES;
				CLANG_WARN__DUPLICATE_METHOD_MATCH = YES;
				COPY_PHASE_STRIP = NO;
				DEBUG_INFORMATION_FORMAT = "dwarf-with-dsym";
				DEVELOPMENT_TEAM = Z8JVJD6M2F;
				ENABLE_NS_ASSERTIONS = NO;
				ENABLE_STRICT_OBJC_MSGSEND = YES;
				ENABLE_USER_SCRIPT_SANDBOXING = YES;
				GCC_C_LANGUAGE_STANDARD = gnu17;
				GCC_NO_COMMON_BLOCKS = YES;
				GCC_WARN_64_TO_32_BIT_CONVERSION = YES;
				GCC_WARN_ABOUT_RETURN_TYPE = YES_ERROR;
				GCC_WARN_UNDECLARED_SELECTOR = YES;
				GCC_WARN_UNINITIALIZED_AUTOS = YES_AGGRESSIVE;
				GCC_WARN_UNUSED_FUNCTION = YES;
				GCC_WARN_UNUSED_VARIABLE = YES;
				IPHONEOS_DEPLOYMENT_TARGET = 26.2;
				LOCALIZATION_PREFERS_STRING_CATALOGS = YES;
				MTL_ENABLE_DEBUG_INFO = NO;
				MTL_FAST_MATH = YES;
				SDKROOT = iphoneos;
				SWIFT_COMPILATION_MODE = wholemodule;
				VALIDATE_PRODUCT = YES;
			};
			name = Release;
		};
		133DA7102F682BFE00F8AE82 /* Debug */ = {
			isa = XCBuildConfiguration;
			buildSettings = {
				ASSETCATALOG_COMPILER_APPICON_NAME = AppIcon;
				ASSETCATALOG_COMPILER_GLOBAL_ACCENT_COLOR_NAME = AccentColor;
				CODE_SIGN_STYLE = Automatic;
				CURRENT_PROJECT_VERSION = 1;
				DEVELOPMENT_TEAM = Z8JVJD6M2F;
				ENABLE_PREVIEWS = YES;
				GENERATE_INFOPLIST_FILE = YES;
				INFOPLIST_FILE = AIChallenge/Info.plist;
				INFOPLIST_KEY_LSApplicationCategoryType = "public.app-category.utilities";
				INFOPLIST_KEY_UIApplicationSceneManifest_Generation = YES;
				INFOPLIST_KEY_UIApplicationSupportsIndirectInputEvents = YES;
				INFOPLIST_KEY_UILaunchScreen_Generation = YES;
				INFOPLIST_KEY_UISupportedInterfaceOrientations_iPad = "UIInterfaceOrientationPortrait UIInterfaceOrientationPortraitUpsideDown UIInterfaceOrientationLandscapeLeft UIInterfaceOrientationLandscapeRight";
				INFOPLIST_KEY_UISupportedInterfaceOrientations_iPhone = "UIInterfaceOrientationPortrait UIInterfaceOrientationLandscapeLeft UIInterfaceOrientationLandscapeRight";
				LD_RUNPATH_SEARCH_PATHS = (
					"$(inherited)",
					"@executable_path/Frameworks",
				);
				MARKETING_VERSION = 1.0;
				PRODUCT_BUNDLE_IDENTIFIER = com.lammax.projects.ios.aichallenge.AIChallenge;
				PRODUCT_NAME = "$(TARGET_NAME)";
				STRING_CATALOG_GENERATE_SYMBOLS = YES;
				SWIFT_APPROACHABLE_CONCURRENCY = YES;
				SWIFT_DEFAULT_ACTOR_ISOLATION = nonisolated;
				SWIFT_EMIT_LOC_STRINGS = YES;
				SWIFT_UPCOMING_FEATURE_MEMBER_IMPORT_VISIBILITY = YES;
				SWIFT_VERSION = 5.0;
				TARGETED_DEVICE_FAMILY = "1,2";
			};
			name = Debug;
		};
		133DA7112F682BFE00F8AE82 /* Release */ = {
			isa = XCBuildConfiguration;
			buildSettings = {
				ASSETCATALOG_COMPILER_APPICON_NAME = AppIcon;
				ASSETCATALOG_COMPILER_GLOBAL_ACCENT_COLOR_NAME = AccentColor;
				CODE_SIGN_STYLE = Automatic;
				CURRENT_PROJECT_VERSION = 1;
				DEVELOPMENT_TEAM = Z8JVJD6M2F;
				ENABLE_PREVIEWS = YES;
				GENERATE_INFOPLIST_FILE = YES;
				INFOPLIST_FILE = AIChallenge/Info.plist;
				INFOPLIST_KEY_LSApplicationCategoryType = "public.app-category.utilities";
				INFOPLIST_KEY_UIApplicationSceneManifest_Generation = YES;
				INFOPLIST_KEY_UIApplicationSupportsIndirectInputEvents = YES;
				INFOPLIST_KEY_UILaunchScreen_Generation = YES;
				INFOPLIST_KEY_UISupportedInterfaceOrientations_iPad = "UIInterfaceOrientationPortrait UIInterfaceOrientationPortraitUpsideDown UIInterfaceOrientationLandscapeLeft UIInterfaceOrientationLandscapeRight";
				INFOPLIST_KEY_UISupportedInterfaceOrientations_iPhone = "UIInterfaceOrientationPortrait UIInterfaceOrientationLandscapeLeft UIInterfaceOrientationLandscapeRight";
				LD_RUNPATH_SEARCH_PATHS = (
					"$(inherited)",
					"@executable_path/Frameworks",
				);
				MARKETING_VERSION = 1.0;
				PRODUCT_BUNDLE_IDENTIFIER = com.lammax.projects.ios.aichallenge.AIChallenge;
				PRODUCT_NAME = "$(TARGET_NAME)";
				STRING_CATALOG_GENERATE_SYMBOLS = YES;
				SWIFT_APPROACHABLE_CONCURRENCY = YES;
				SWIFT_DEFAULT_ACTOR_ISOLATION = nonisolated;
				SWIFT_EMIT_LOC_STRINGS = YES;
				SWIFT_UPCOMING_FEATURE_MEMBER_IMPORT_VISIBILITY = YES;
				SWIFT_VERSION = 5.0;
				TARGETED_DEVICE_FAMILY = "1,2";
			};
			name = Release;
		};
		133DA7132F682BFE00F8AE82 /* Debug */ = {
			isa = XCBuildConfiguration;
			buildSettings = {
				BUNDLE_LOADER = "$(TEST_HOST)";
				CODE_SIGN_STYLE = Automatic;
				CURRENT_PROJECT_VERSION = 1;
				DEVELOPMENT_TEAM = Z8JVJD6M2F;
				GENERATE_INFOPLIST_FILE = YES;
				IPHONEOS_DEPLOYMENT_TARGET = 26.2;
				MARKETING_VERSION = 1.0;
				PRODUCT_BUNDLE_IDENTIFIER = com.lammax.projects.ios.aichallenge.AIChallengeTests;
				PRODUCT_NAME = "$(TARGET_NAME)";
				STRING_CATALOG_GENERATE_SYMBOLS = NO;
				SWIFT_APPROACHABLE_CONCURRENCY = YES;
				SWIFT_EMIT_LOC_STRINGS = NO;
				SWIFT_UPCOMING_FEATURE_MEMBER_IMPORT_VISIBILITY = YES;
				SWIFT_VERSION = 5.0;
				TARGETED_DEVICE_FAMILY = "1,2";
				TEST_HOST = "$(BUILT_PRODUCTS_DIR)/AIChallenge.app/$(BUNDLE_EXECUTABLE_FOLDER_PATH)/AIChallenge";
			};
			name = Debug;
		};
		133DA7142F682BFE00F8AE82 /* Release */ = {
			isa = XCBuildConfiguration;
			buildSettings = {
				BUNDLE_LOADER = "$(TEST_HOST)";
				CODE_SIGN_STYLE = Automatic;
				CURRENT_PROJECT_VERSION = 1;
				DEVELOPMENT_TEAM = Z8JVJD6M2F;
				GENERATE_INFOPLIST_FILE = YES;
				IPHONEOS_DEPLOYMENT_TARGET = 26.2;
				MARKETING_VERSION = 1.0;
				PRODUCT_BUNDLE_IDENTIFIER = com.lammax.projects.ios.aichallenge.AIChallengeTests;
				PRODUCT_NAME = "$(TARGET_NAME)";
				STRING_CATALOG_GENERATE_SYMBOLS = NO;
				SWIFT_APPROACHABLE_CONCURRENCY = YES;
				SWIFT_EMIT_LOC_STRINGS = NO;
				SWIFT_UPCOMING_FEATURE_MEMBER_IMPORT_VISIBILITY = YES;
				SWIFT_VERSION = 5.0;
				TARGETED_DEVICE_FAMILY = "1,2";
				TEST_HOST = "$(BUILT_PRODUCTS_DIR)/AIChallenge.app/$(BUNDLE_EXECUTABLE_FOLDER_PATH)/AIChallenge";
			};
			name = Release;
		};
		133DA7162F682BFE00F8AE82 /* Debug */ = {
			isa = XCBuildConfiguration;
			buildSettings = {
				CODE_SIGN_STYLE = Automatic;
				CURRENT_PROJECT_VERSION = 1;
				DEVELOPMENT_TEAM = Z8JVJD6M2F;
				GENERATE_INFOPLIST_FILE = YES;
				MARKETING_VERSION = 1.0;
				PRODUCT_BUNDLE_IDENTIFIER = com.lammax.projects.ios.aichallenge.AIChallengeUITests;
				PRODUCT_NAME = "$(TARGET_NAME)";
				STRING_CATALOG_GENERATE_SYMBOLS = NO;
				SWIFT_APPROACHABLE_CONCURRENCY = YES;
				SWIFT_EMIT_LOC_STRINGS = NO;
				SWIFT_UPCOMING_FEATURE_MEMBER_IMPORT_VISIBILITY = YES;
				SWIFT_VERSION = 5.0;
				TARGETED_DEVICE_FAMILY = "1,2";
				TEST_TARGET_NAME = AIChallenge;
			};
			name = Debug;
		};
		133DA7172F682BFE00F8AE82 /* Release */ = {
			isa = XCBuildConfiguration;
			buildSettings = {
				CODE_SIGN_STYLE = Automatic;
				CURRENT_PROJECT_VERSION = 1;
				DEVELOPMENT_TEAM = Z8JVJD6M2F;
				GENERATE_INFOPLIST_FILE = YES;
				MARKETING_VERSION = 1.0;
				PRODUCT_BUNDLE_IDENTIFIER = com.lammax.projects.ios.aichallenge.AIChallengeUITests;
				PRODUCT_NAME = "$(TARGET_NAME)";
				STRING_CATALOG_GENERATE_SYMBOLS = NO;
				SWIFT_APPROACHABLE_CONCURRENCY = YES;
				SWIFT_EMIT_LOC_STRINGS = NO;
				SWIFT_UPCOMING_FEATURE_MEMBER_IMPORT_VISIBILITY = YES;
				SWIFT_VERSION = 5.0;
				TARGETED_DEVICE_FAMILY = "1,2";
				TEST_TARGET_NAME = AIChallenge;
			};
			name = Release;
		};
/* End XCBuildConfiguration section */

/* Begin XCConfigurationList section */
		133DA6E92F682BFA00F8AE82 /* Build configuration list for PBXProject "AIChallenge" */ = {
			isa = XCConfigurationList;
			buildConfigurations = (
				133DA70D2F682BFE00F8AE82 /* Debug */,
				133DA70E2F682BFE00F8AE82 /* Release */,
			);
			defaultConfigurationIsVisible = 0;
			defaultConfigurationName = Release;
		};
		133DA70F2F682BFE00F8AE82 /* Build configuration list for PBXNativeTarget "AIChallenge" */ = {
			isa = XCConfigurationList;
			buildConfigurations = (
				133DA7102F682BFE00F8AE82 /* Debug */,
				133DA7112F682BFE00F8AE82 /* Release */,
			);
			defaultConfigurationIsVisible = 0;
			defaultConfigurationName = Release;
		};
		133DA7122F682BFE00F8AE82 /* Build configuration list for PBXNativeTarget "AIChallengeTests" */ = {
			isa = XCConfigurationList;
			buildConfigurations = (
				133DA7132F682BFE00F8AE82 /* Debug */,
				133DA7142F682BFE00F8AE82 /* Release */,
			);
			defaultConfigurationIsVisible = 0;
			defaultConfigurationName = Release;
		};
		133DA7152F682BFE00F8AE82 /* Build configuration list for PBXNativeTarget "AIChallengeUITests" */ = {
			isa = XCConfigurationList;
			buildConfigurations = (
				133DA7162F682BFE00F8AE82 /* Debug */,
				133DA7172F682BFE00F8AE82 /* Release */,
			);
			defaultConfigurationIsVisible = 0;
			defaultConfigurationName = Release;
		};
/* End XCConfigurationList section */

/* Begin XCLocalSwiftPackageReference section */
		15CC10022FA0000000000002 /* XCLocalSwiftPackageReference "Packages/LlamaCppBridge" */ = {
			isa = XCLocalSwiftPackageReference;
			relativePath = Packages/LlamaCppBridge;
		};
/* End XCLocalSwiftPackageReference section */

/* Begin XCRemoteSwiftPackageReference section */
		1305B2382F75B405009A2D6C /* XCRemoteSwiftPackageReference "GRDB" */ = {
			isa = XCRemoteSwiftPackageReference;
			repositoryURL = "https://github.com/groue/GRDB.swift";
			requirement = {
				branch = master;
				kind = branch;
			};
		};
		13BD3AA72F84469F0059C0A5 /* XCRemoteSwiftPackageReference "swift-sdk" */ = {
			isa = XCRemoteSwiftPackageReference;
			repositoryURL = "https://github.com/modelcontextprotocol/swift-sdk";
			requirement = {
				kind = upToNextMajorVersion;
				minimumVersion = 0.12.0;
			};
		};
		14AA04012F90000000000001 /* XCRemoteSwiftPackageReference "ZIPFoundation" */ = {
			isa = XCRemoteSwiftPackageReference;
			repositoryURL = "https://github.com/weichsel/ZIPFoundation";
			requirement = {
				kind = upToNextMajorVersion;
				minimumVersion = 0.9.19;
			};
		};
/* End XCRemoteSwiftPackageReference section */

/* Begin XCSwiftPackageProductDependency section */
		1305B2392F75B405009A2D6C /* GRDB */ = {
			isa = XCSwiftPackageProductDependency;
			package = 1305B2382F75B405009A2D6C /* XCRemoteSwiftPackageReference "GRDB" */;
			productName = GRDB;
		};
		13BD3AA82F84469F0059C0A5 /* MCP */ = {
			isa = XCSwiftPackageProductDependency;
			package = 13BD3AA72F84469F0059C0A5 /* XCRemoteSwiftPackageReference "swift-sdk" */;
			productName = MCP;
		};
		14AA04022F90000000000002 /* ZIPFoundation */ = {
			isa = XCSwiftPackageProductDependency;
			package = 14AA04012F90000000000001 /* XCRemoteSwiftPackageReference "ZIPFoundation" */;
			productName = ZIPFoundation;
		};
		15CC10032FA0000000000003 /* LlamaCppBridge */ = {
			isa = XCSwiftPackageProductDependency;
			package = 15CC10022FA0000000000002 /* XCLocalSwiftPackageReference "Packages/LlamaCppBridge" */;
			productName = LlamaCppBridge;
		};
/* End XCSwiftPackageProductDependency section */
	};
	rootObject = 133DA6E62F682BFA00F8AE82 /* Project object */;
}
